// !$*UTF8*$!
{
	archiveVersion = 1;
	classes = {
	};
	objectVersion = 56;
	objects = {

/* Begin PBXBuildFile section */
		BC50096E2B18B01B00385381 /* ScanCaptureSessionController.swift in Sources */ = {isa = PBXBuildFile; fileRef = BC50096D2B18B01B00385381 /* ScanCaptureSessionController.swift */; };
		BC5009712B18B03C00385381 /* SearchViewController.swift in Sources */ = {isa = PBXBuildFile; fileRef = BC5009702B18B03C00385381 /* SearchViewController.swift */; };
		BC5009762B18B05C00385381 /* ScannerEnabledViewController.swift in Sources */ = {isa = PBXBuildFile; fileRef = BC5009732B18B05C00385381 /* ScannerEnabledViewController.swift */; };
		BC5009772B18B05C00385381 /* GenericNavigationController.swift in Sources */ = {isa = PBXBuildFile; fileRef = BC5009742B18B05C00385381 /* GenericNavigationController.swift */; };
		BC5009782B18B05C00385381 /* SearchEnabledViewController.swift in Sources */ = {isa = PBXBuildFile; fileRef = BC5009752B18B05C00385381 /* SearchEnabledViewController.swift */; };
		BC50097A2B18B0A200385381 /* CornerRadius.swift in Sources */ = {isa = PBXBuildFile; fileRef = BC5009792B18B0A200385381 /* CornerRadius.swift */; };
		BC93BB692B0BC313008BE2AD /* ScanFlowCoordinator.swift in Sources */ = {isa = PBXBuildFile; fileRef = BC93BB682B0BC313008BE2AD /* ScanFlowCoordinator.swift */; };
		BC93BB6B2B0BCBF1008BE2AD /* StringBarcodeExtension.swift in Sources */ = {isa = PBXBuildFile; fileRef = BC93BB6A2B0BCBF1008BE2AD /* StringBarcodeExtension.swift */; };
		BC93BB722B0C814F008BE2AD /* GenericButton.swift in Sources */ = {isa = PBXBuildFile; fileRef = BC93BB712B0C814F008BE2AD /* GenericButton.swift */; };
		BC93BB742B0C8166008BE2AD /* GenericNavButton.swift in Sources */ = {isa = PBXBuildFile; fileRef = BC93BB732B0C8166008BE2AD /* GenericNavButton.swift */; };
		BC93BB762B0C8327008BE2AD /* ScanViewModel.swift in Sources */ = {isa = PBXBuildFile; fileRef = BC93BB752B0C8327008BE2AD /* ScanViewModel.swift */; };
		BCA719962B0AB067008BAA74 /* ScanViewController.swift in Sources */ = {isa = PBXBuildFile; fileRef = BCA719952B0AB067008BAA74 /* ScanViewController.swift */; };
		BCB7F91E2B0C89B500EE20A0 /* ScanFlow.xcstrings in Resources */ = {isa = PBXBuildFile; fileRef = BCB7F91D2B0C89B500EE20A0 /* ScanFlow.xcstrings */; };
		BCB7F9202B0D150700EE20A0 /* UITextFieldExtensions.swift in Sources */ = {isa = PBXBuildFile; fileRef = BCB7F91F2B0D150700EE20A0 /* UITextFieldExtensions.swift */; };
		BCB7F9222B0D153000EE20A0 /* ScanFrameView.swift in Sources */ = {isa = PBXBuildFile; fileRef = BCB7F9212B0D153000EE20A0 /* ScanFrameView.swift */; };
		BCB7F9242B0D255600EE20A0 /* UIImageExtensions.swift in Sources */ = {isa = PBXBuildFile; fileRef = BCB7F9232B0D255600EE20A0 /* UIImageExtensions.swift */; };
		BE2774BA2B0FC3A40000C8C2 /* MainViewController.swift in Sources */ = {isa = PBXBuildFile; fileRef = BE2774B92B0FC3A40000C8C2 /* MainViewController.swift */; };
		BE2774BC2B0FD0890000C8C2 /* MainFlow.xcstrings in Resources */ = {isa = PBXBuildFile; fileRef = BE2774BB2B0FD0890000C8C2 /* MainFlow.xcstrings */; };
		BE35244E2B02ABA200746581 /* AppDelegate.swift in Sources */ = {isa = PBXBuildFile; fileRef = BE35244D2B02ABA200746581 /* AppDelegate.swift */; };
		BE3524502B02ABA200746581 /* SceneDelegate.swift in Sources */ = {isa = PBXBuildFile; fileRef = BE35244F2B02ABA200746581 /* SceneDelegate.swift */; };
		BE3524572B02ABA300746581 /* Assets.xcassets in Resources */ = {isa = PBXBuildFile; fileRef = BE3524562B02ABA300746581 /* Assets.xcassets */; };
		BE35245A2B02ABA300746581 /* LaunchScreen.storyboard in Resources */ = {isa = PBXBuildFile; fileRef = BE3524582B02ABA300746581 /* LaunchScreen.storyboard */; };
		BE3524692B02B27A00746581 /* Fonts.swift in Sources */ = {isa = PBXBuildFile; fileRef = BE3524682B02B27A00746581 /* Fonts.swift */; };
		BE3524742B02B4D100746581 /* UIColor+Extension.swift in Sources */ = {isa = PBXBuildFile; fileRef = BE3524732B02B4D100746581 /* UIColor+Extension.swift */; };
		BE3524762B02B62B00746581 /* MainCoordinator.swift in Sources */ = {isa = PBXBuildFile; fileRef = BE3524752B02B62B00746581 /* MainCoordinator.swift */; };
		BE3524832B02B92A00746581 /* SnapKit in Frameworks */ = {isa = PBXBuildFile; productRef = BE3524822B02B92A00746581 /* SnapKit */; };
		BE3A55952B0BEF680053C851 /* MainViewModel.swift in Sources */ = {isa = PBXBuildFile; fileRef = BE3A55942B0BEF680053C851 /* MainViewModel.swift */; };
		BE3A55972B0BF01F0053C851 /* MainViewModelProtocol.swift in Sources */ = {isa = PBXBuildFile; fileRef = BE3A55962B0BF01F0053C851 /* MainViewModelProtocol.swift */; };
		BE3A559D2B0BF7BE0053C851 /* FiltersCell.swift in Sources */ = {isa = PBXBuildFile; fileRef = BE3A559C2B0BF7BE0053C851 /* FiltersCell.swift */; };
		BE521A822B04DEB3005F2FE7 /* MainTabBarController.swift in Sources */ = {isa = PBXBuildFile; fileRef = BE521A812B04DEB3005F2FE7 /* MainTabBarController.swift */; };
		BE521A862B04DEC8005F2FE7 /* FavoritesViewController.swift in Sources */ = {isa = PBXBuildFile; fileRef = BE521A852B04DEC8005F2FE7 /* FavoritesViewController.swift */; };
		BE521A882B04DECC005F2FE7 /* ProfileViewController.swift in Sources */ = {isa = PBXBuildFile; fileRef = BE521A872B04DECC005F2FE7 /* ProfileViewController.swift */; };
		BE521A8F2B04DF5D005F2FE7 /* MockDataService.swift in Sources */ = {isa = PBXBuildFile; fileRef = BE521A8E2B04DF5D005F2FE7 /* MockDataService.swift */; };
		BE8E709D2B0D275300BEAA5A /* CollectionLayoutProvider.swift in Sources */ = {isa = PBXBuildFile; fileRef = BE8E709C2B0D275300BEAA5A /* CollectionLayoutProvider.swift */; };
		BE8E709F2B0D345700BEAA5A /* ProductCell.swift in Sources */ = {isa = PBXBuildFile; fileRef = BE8E709E2B0D345700BEAA5A /* ProductCell.swift */; };
		BE8E70A32B0D457400BEAA5A /* CategoryViewController.swift in Sources */ = {isa = PBXBuildFile; fileRef = BE8E70A22B0D457400BEAA5A /* CategoryViewController.swift */; };
		BE8E70A62B0D4E5200BEAA5A /* CategoryViewModel.swift in Sources */ = {isa = PBXBuildFile; fileRef = BE8E70A52B0D4E5200BEAA5A /* CategoryViewModel.swift */; };
		BE8E70A82B0D4E8800BEAA5A /* CategoryViewModelProtocol.swift in Sources */ = {isa = PBXBuildFile; fileRef = BE8E70A72B0D4E8800BEAA5A /* CategoryViewModelProtocol.swift */; };
		BE8E70AA2B0E1CED00BEAA5A /* ProductCellUIModel.swift in Sources */ = {isa = PBXBuildFile; fileRef = BE8E70A92B0E1CED00BEAA5A /* ProductCellUIModel.swift */; };
		BE8E70B02B0E250100BEAA5A /* Double+Extension.swift in Sources */ = {isa = PBXBuildFile; fileRef = BE8E70AF2B0E250100BEAA5A /* Double+Extension.swift */; };
		BE8E70B22B0E558300BEAA5A /* FavoritesScreenCoordinator.swift in Sources */ = {isa = PBXBuildFile; fileRef = BE8E70B12B0E558300BEAA5A /* FavoritesScreenCoordinator.swift */; };
		BE8E70B42B0E74F600BEAA5A /* ProfileScreenCoordinator.swift in Sources */ = {isa = PBXBuildFile; fileRef = BE8E70B32B0E74F600BEAA5A /* ProfileScreenCoordinator.swift */; };
		BE8E70B62B0E7A7E00BEAA5A /* PromotionCell.swift in Sources */ = {isa = PBXBuildFile; fileRef = BE8E70B52B0E7A7E00BEAA5A /* PromotionCell.swift */; };
		BE8E70B92B0E827200BEAA5A /* PromotionUIModel.swift in Sources */ = {isa = PBXBuildFile; fileRef = BE8E70B82B0E827200BEAA5A /* PromotionUIModel.swift */; };
		BE8E70BB2B0E8BED00BEAA5A /* PromotionHeader.swift in Sources */ = {isa = PBXBuildFile; fileRef = BE8E70BA2B0E8BED00BEAA5A /* PromotionHeader.swift */; };
		BE8E70BD2B0E90C500BEAA5A /* StoresCell.swift in Sources */ = {isa = PBXBuildFile; fileRef = BE8E70BC2B0E90C500BEAA5A /* StoresCell.swift */; };
		BE8E70BF2B0E921900BEAA5A /* StoreUIModel.swift in Sources */ = {isa = PBXBuildFile; fileRef = BE8E70BE2B0E921900BEAA5A /* StoreUIModel.swift */; };
		BEAE80472B178E88004DAE32 /* FavoritesFlow.xcstrings in Resources */ = {isa = PBXBuildFile; fileRef = BEAE80462B178E88004DAE32 /* FavoritesFlow.xcstrings */; };
		BEBA916C2B0A9D0000C2DE96 /* Coordinator.swift in Sources */ = {isa = PBXBuildFile; fileRef = BEBA916B2B0A9D0000C2DE96 /* Coordinator.swift */; };
		BEBA916E2B0A9F9500C2DE96 /* ProductModel.swift in Sources */ = {isa = PBXBuildFile; fileRef = BEBA916D2B0A9F9500C2DE96 /* ProductModel.swift */; };
		BEBA91712B0AA7F800C2DE96 /* MainScreenCoordinator.swift in Sources */ = {isa = PBXBuildFile; fileRef = BEBA91702B0AA7F800C2DE96 /* MainScreenCoordinator.swift */; };
		BEBA94482B137B7E00ABE1AD /* DataServiceProtocol.swift in Sources */ = {isa = PBXBuildFile; fileRef = BEBA94472B137B7E00ABE1AD /* DataServiceProtocol.swift */; };
		BEBA944A2B13B9F800ABE1AD /* MainScreenSections.swift in Sources */ = {isa = PBXBuildFile; fileRef = BEBA94492B13B9F800ABE1AD /* MainScreenSections.swift */; };
		BEBA944D2B14D93800ABE1AD /* ErrorHandler.swift in Sources */ = {isa = PBXBuildFile; fileRef = BEBA944C2B14D93800ABE1AD /* ErrorHandler.swift */; };
		BEBA944F2B14E1DC00ABE1AD /* ErrorHandler.xcstrings in Resources */ = {isa = PBXBuildFile; fileRef = BEBA944E2B14E1DC00ABE1AD /* ErrorHandler.xcstrings */; };
		BEBA94512B14E4B900ABE1AD /* UIViewController+Extension.swift in Sources */ = {isa = PBXBuildFile; fileRef = BEBA94502B14E4B900ABE1AD /* UIViewController+Extension.swift */; };
		BEF503AE2B15223400577D7F /* FavoritesViewModelProtocol.swift in Sources */ = {isa = PBXBuildFile; fileRef = BEF503AD2B15223400577D7F /* FavoritesViewModelProtocol.swift */; };
		BEF503B02B15233A00577D7F /* FavoritesViewModel.swift in Sources */ = {isa = PBXBuildFile; fileRef = BEF503AF2B15233A00577D7F /* FavoritesViewModel.swift */; };
		BEF503B22B15262F00577D7F /* Profile.swift in Sources */ = {isa = PBXBuildFile; fileRef = BEF503B12B15262F00577D7F /* Profile.swift */; };
		BEF503B42B15287F00577D7F /* MockProfileService.swift in Sources */ = {isa = PBXBuildFile; fileRef = BEF503B32B15287F00577D7F /* MockProfileService.swift */; };
		BEF503B62B15288C00577D7F /* ProfileServiceProtocol.swift in Sources */ = {isa = PBXBuildFile; fileRef = BEF503B52B15288C00577D7F /* ProfileServiceProtocol.swift */; };
/* End PBXBuildFile section */

/* Begin PBXCopyFilesBuildPhase section */
		BC9B4D5D2B0B45310045B6E0 /* Embed Frameworks */ = {
			isa = PBXCopyFilesBuildPhase;
			buildActionMask = 2147483647;
			dstPath = "";
			dstSubfolderSpec = 10;
			files = (
			);
			name = "Embed Frameworks";
			runOnlyForDeploymentPostprocessing = 0;
		};
/* End PBXCopyFilesBuildPhase section */

/* Begin PBXFileReference section */
		BC50096D2B18B01B00385381 /* ScanCaptureSessionController.swift */ = {isa = PBXFileReference; fileEncoding = 4; lastKnownFileType = sourcecode.swift; name = ScanCaptureSessionController.swift; path = DiscountsAndPromotionsApp/UI/ScanFlow/ScanCaptureSessionController.swift; sourceTree = SOURCE_ROOT; };
		BC5009702B18B03C00385381 /* SearchViewController.swift */ = {isa = PBXFileReference; fileEncoding = 4; lastKnownFileType = sourcecode.swift; path = SearchViewController.swift; sourceTree = "<group>"; };
		BC5009732B18B05C00385381 /* ScannerEnabledViewController.swift */ = {isa = PBXFileReference; fileEncoding = 4; lastKnownFileType = sourcecode.swift; path = ScannerEnabledViewController.swift; sourceTree = "<group>"; };
		BC5009742B18B05C00385381 /* GenericNavigationController.swift */ = {isa = PBXFileReference; fileEncoding = 4; lastKnownFileType = sourcecode.swift; path = GenericNavigationController.swift; sourceTree = "<group>"; };
		BC5009752B18B05C00385381 /* SearchEnabledViewController.swift */ = {isa = PBXFileReference; fileEncoding = 4; lastKnownFileType = sourcecode.swift; path = SearchEnabledViewController.swift; sourceTree = "<group>"; };
		BC5009792B18B0A200385381 /* CornerRadius.swift */ = {isa = PBXFileReference; fileEncoding = 4; lastKnownFileType = sourcecode.swift; path = CornerRadius.swift; sourceTree = "<group>"; };
		BC93BB682B0BC313008BE2AD /* ScanFlowCoordinator.swift */ = {isa = PBXFileReference; lastKnownFileType = sourcecode.swift; path = ScanFlowCoordinator.swift; sourceTree = "<group>"; };
		BC93BB6A2B0BCBF1008BE2AD /* StringBarcodeExtension.swift */ = {isa = PBXFileReference; lastKnownFileType = sourcecode.swift; path = StringBarcodeExtension.swift; sourceTree = "<group>"; };
		BC93BB702B0BDA0A008BE2AD /* Info.plist */ = {isa = PBXFileReference; lastKnownFileType = text.plist.xml; path = Info.plist; sourceTree = "<group>"; };
		BC93BB712B0C814F008BE2AD /* GenericButton.swift */ = {isa = PBXFileReference; lastKnownFileType = sourcecode.swift; path = GenericButton.swift; sourceTree = "<group>"; };
		BC93BB732B0C8166008BE2AD /* GenericNavButton.swift */ = {isa = PBXFileReference; lastKnownFileType = sourcecode.swift; path = GenericNavButton.swift; sourceTree = "<group>"; };
		BC93BB752B0C8327008BE2AD /* ScanViewModel.swift */ = {isa = PBXFileReference; lastKnownFileType = sourcecode.swift; path = ScanViewModel.swift; sourceTree = "<group>"; };
		BCA719952B0AB067008BAA74 /* ScanViewController.swift */ = {isa = PBXFileReference; lastKnownFileType = sourcecode.swift; path = ScanViewController.swift; sourceTree = "<group>"; };
		BCB7F91D2B0C89B500EE20A0 /* ScanFlow.xcstrings */ = {isa = PBXFileReference; lastKnownFileType = text.json.xcstrings; path = ScanFlow.xcstrings; sourceTree = "<group>"; };
		BCB7F91F2B0D150700EE20A0 /* UITextFieldExtensions.swift */ = {isa = PBXFileReference; lastKnownFileType = sourcecode.swift; path = UITextFieldExtensions.swift; sourceTree = "<group>"; };
		BCB7F9212B0D153000EE20A0 /* ScanFrameView.swift */ = {isa = PBXFileReference; lastKnownFileType = sourcecode.swift; path = ScanFrameView.swift; sourceTree = "<group>"; };
		BCB7F9232B0D255600EE20A0 /* UIImageExtensions.swift */ = {isa = PBXFileReference; lastKnownFileType = sourcecode.swift; path = UIImageExtensions.swift; sourceTree = "<group>"; };
		BE2774B92B0FC3A40000C8C2 /* MainViewController.swift */ = {isa = PBXFileReference; fileEncoding = 4; lastKnownFileType = sourcecode.swift; path = MainViewController.swift; sourceTree = "<group>"; };
		BE2774BB2B0FD0890000C8C2 /* MainFlow.xcstrings */ = {isa = PBXFileReference; lastKnownFileType = text.json.xcstrings; path = MainFlow.xcstrings; sourceTree = "<group>"; };
		BE35244A2B02ABA200746581 /* DiscountsAndPromotionsApp.app */ = {isa = PBXFileReference; explicitFileType = wrapper.application; includeInIndex = 0; path = DiscountsAndPromotionsApp.app; sourceTree = BUILT_PRODUCTS_DIR; };
		BE35244D2B02ABA200746581 /* AppDelegate.swift */ = {isa = PBXFileReference; lastKnownFileType = sourcecode.swift; path = AppDelegate.swift; sourceTree = "<group>"; };
		BE35244F2B02ABA200746581 /* SceneDelegate.swift */ = {isa = PBXFileReference; lastKnownFileType = sourcecode.swift; path = SceneDelegate.swift; sourceTree = "<group>"; };
		BE3524562B02ABA300746581 /* Assets.xcassets */ = {isa = PBXFileReference; lastKnownFileType = folder.assetcatalog; path = Assets.xcassets; sourceTree = "<group>"; };
		BE3524592B02ABA300746581 /* Base */ = {isa = PBXFileReference; lastKnownFileType = file.storyboard; name = Base; path = Base.lproj/LaunchScreen.storyboard; sourceTree = "<group>"; };
		BE3524682B02B27A00746581 /* Fonts.swift */ = {isa = PBXFileReference; fileEncoding = 4; lastKnownFileType = sourcecode.swift; path = Fonts.swift; sourceTree = "<group>"; };
		BE3524732B02B4D100746581 /* UIColor+Extension.swift */ = {isa = PBXFileReference; fileEncoding = 4; lastKnownFileType = sourcecode.swift; path = "UIColor+Extension.swift"; sourceTree = "<group>"; };
		BE3524752B02B62B00746581 /* MainCoordinator.swift */ = {isa = PBXFileReference; fileEncoding = 4; lastKnownFileType = sourcecode.swift; path = MainCoordinator.swift; sourceTree = "<group>"; };
		BE3A55942B0BEF680053C851 /* MainViewModel.swift */ = {isa = PBXFileReference; lastKnownFileType = sourcecode.swift; path = MainViewModel.swift; sourceTree = "<group>"; };
		BE3A55962B0BF01F0053C851 /* MainViewModelProtocol.swift */ = {isa = PBXFileReference; lastKnownFileType = sourcecode.swift; path = MainViewModelProtocol.swift; sourceTree = "<group>"; };
		BE3A559C2B0BF7BE0053C851 /* FiltersCell.swift */ = {isa = PBXFileReference; lastKnownFileType = sourcecode.swift; path = FiltersCell.swift; sourceTree = "<group>"; };
		BE521A812B04DEB3005F2FE7 /* MainTabBarController.swift */ = {isa = PBXFileReference; fileEncoding = 4; lastKnownFileType = sourcecode.swift; path = MainTabBarController.swift; sourceTree = "<group>"; };
		BE521A852B04DEC8005F2FE7 /* FavoritesViewController.swift */ = {isa = PBXFileReference; fileEncoding = 4; lastKnownFileType = sourcecode.swift; path = FavoritesViewController.swift; sourceTree = "<group>"; };
		BE521A872B04DECC005F2FE7 /* ProfileViewController.swift */ = {isa = PBXFileReference; fileEncoding = 4; lastKnownFileType = sourcecode.swift; path = ProfileViewController.swift; sourceTree = "<group>"; };
		BE521A8E2B04DF5D005F2FE7 /* MockDataService.swift */ = {isa = PBXFileReference; fileEncoding = 4; lastKnownFileType = sourcecode.swift; path = MockDataService.swift; sourceTree = "<group>"; };
		BE8E709C2B0D275300BEAA5A /* CollectionLayoutProvider.swift */ = {isa = PBXFileReference; lastKnownFileType = sourcecode.swift; path = CollectionLayoutProvider.swift; sourceTree = "<group>"; };
		BE8E709E2B0D345700BEAA5A /* ProductCell.swift */ = {isa = PBXFileReference; lastKnownFileType = sourcecode.swift; path = ProductCell.swift; sourceTree = "<group>"; };
		BE8E70A22B0D457400BEAA5A /* CategoryViewController.swift */ = {isa = PBXFileReference; lastKnownFileType = sourcecode.swift; path = CategoryViewController.swift; sourceTree = "<group>"; };
		BE8E70A52B0D4E5200BEAA5A /* CategoryViewModel.swift */ = {isa = PBXFileReference; lastKnownFileType = sourcecode.swift; path = CategoryViewModel.swift; sourceTree = "<group>"; };
		BE8E70A72B0D4E8800BEAA5A /* CategoryViewModelProtocol.swift */ = {isa = PBXFileReference; lastKnownFileType = sourcecode.swift; path = CategoryViewModelProtocol.swift; sourceTree = "<group>"; };
		BE8E70A92B0E1CED00BEAA5A /* ProductCellUIModel.swift */ = {isa = PBXFileReference; lastKnownFileType = sourcecode.swift; path = ProductCellUIModel.swift; sourceTree = "<group>"; };
		BE8E70AF2B0E250100BEAA5A /* Double+Extension.swift */ = {isa = PBXFileReference; lastKnownFileType = sourcecode.swift; path = "Double+Extension.swift"; sourceTree = "<group>"; };
		BE8E70B12B0E558300BEAA5A /* FavoritesScreenCoordinator.swift */ = {isa = PBXFileReference; lastKnownFileType = sourcecode.swift; path = FavoritesScreenCoordinator.swift; sourceTree = "<group>"; };
		BE8E70B32B0E74F600BEAA5A /* ProfileScreenCoordinator.swift */ = {isa = PBXFileReference; lastKnownFileType = sourcecode.swift; path = ProfileScreenCoordinator.swift; sourceTree = "<group>"; };
		BE8E70B52B0E7A7E00BEAA5A /* PromotionCell.swift */ = {isa = PBXFileReference; lastKnownFileType = sourcecode.swift; path = PromotionCell.swift; sourceTree = "<group>"; };
		BE8E70B82B0E827200BEAA5A /* PromotionUIModel.swift */ = {isa = PBXFileReference; lastKnownFileType = sourcecode.swift; path = PromotionUIModel.swift; sourceTree = "<group>"; };
		BE8E70BA2B0E8BED00BEAA5A /* PromotionHeader.swift */ = {isa = PBXFileReference; lastKnownFileType = sourcecode.swift; path = PromotionHeader.swift; sourceTree = "<group>"; };
		BE8E70BC2B0E90C500BEAA5A /* StoresCell.swift */ = {isa = PBXFileReference; lastKnownFileType = sourcecode.swift; path = StoresCell.swift; sourceTree = "<group>"; };
		BE8E70BE2B0E921900BEAA5A /* StoreUIModel.swift */ = {isa = PBXFileReference; lastKnownFileType = sourcecode.swift; path = StoreUIModel.swift; sourceTree = "<group>"; };
		BEAE80462B178E88004DAE32 /* FavoritesFlow.xcstrings */ = {isa = PBXFileReference; lastKnownFileType = text.json.xcstrings; path = FavoritesFlow.xcstrings; sourceTree = "<group>"; };
		BEBA916B2B0A9D0000C2DE96 /* Coordinator.swift */ = {isa = PBXFileReference; lastKnownFileType = sourcecode.swift; path = Coordinator.swift; sourceTree = "<group>"; };
		BEBA916D2B0A9F9500C2DE96 /* ProductModel.swift */ = {isa = PBXFileReference; lastKnownFileType = sourcecode.swift; path = ProductModel.swift; sourceTree = "<group>"; };
		BEBA91702B0AA7F800C2DE96 /* MainScreenCoordinator.swift */ = {isa = PBXFileReference; lastKnownFileType = sourcecode.swift; path = MainScreenCoordinator.swift; sourceTree = "<group>"; };
		BEBA94472B137B7E00ABE1AD /* DataServiceProtocol.swift */ = {isa = PBXFileReference; lastKnownFileType = sourcecode.swift; path = DataServiceProtocol.swift; sourceTree = "<group>"; };
		BEBA94492B13B9F800ABE1AD /* MainScreenSections.swift */ = {isa = PBXFileReference; lastKnownFileType = sourcecode.swift; path = MainScreenSections.swift; sourceTree = "<group>"; };
		BEBA944C2B14D93800ABE1AD /* ErrorHandler.swift */ = {isa = PBXFileReference; lastKnownFileType = sourcecode.swift; path = ErrorHandler.swift; sourceTree = "<group>"; };
		BEBA944E2B14E1DC00ABE1AD /* ErrorHandler.xcstrings */ = {isa = PBXFileReference; lastKnownFileType = text.json.xcstrings; path = ErrorHandler.xcstrings; sourceTree = "<group>"; };
		BEBA94502B14E4B900ABE1AD /* UIViewController+Extension.swift */ = {isa = PBXFileReference; lastKnownFileType = sourcecode.swift; path = "UIViewController+Extension.swift"; sourceTree = "<group>"; };
		BEF503AD2B15223400577D7F /* FavoritesViewModelProtocol.swift */ = {isa = PBXFileReference; lastKnownFileType = sourcecode.swift; path = FavoritesViewModelProtocol.swift; sourceTree = "<group>"; };
		BEF503AF2B15233A00577D7F /* FavoritesViewModel.swift */ = {isa = PBXFileReference; lastKnownFileType = sourcecode.swift; path = FavoritesViewModel.swift; sourceTree = "<group>"; };
		BEF503B12B15262F00577D7F /* Profile.swift */ = {isa = PBXFileReference; fileEncoding = 4; lastKnownFileType = sourcecode.swift; path = Profile.swift; sourceTree = "<group>"; };
		BEF503B32B15287F00577D7F /* MockProfileService.swift */ = {isa = PBXFileReference; lastKnownFileType = sourcecode.swift; path = MockProfileService.swift; sourceTree = "<group>"; };
		BEF503B52B15288C00577D7F /* ProfileServiceProtocol.swift */ = {isa = PBXFileReference; lastKnownFileType = sourcecode.swift; path = ProfileServiceProtocol.swift; sourceTree = "<group>"; };
/* End PBXFileReference section */

/* Begin PBXFrameworksBuildPhase section */
		BE3524472B02ABA200746581 /* Frameworks */ = {
			isa = PBXFrameworksBuildPhase;
			buildActionMask = 2147483647;
			files = (
				BE3524832B02B92A00746581 /* SnapKit in Frameworks */,
			);
			runOnlyForDeploymentPostprocessing = 0;
		};
/* End PBXFrameworksBuildPhase section */

/* Begin PBXGroup section */
		BC4DE3832B0F7DA000135A12 /* Views */ = {
			isa = PBXGroup;
			children = (
				BCB7F9212B0D153000EE20A0 /* ScanFrameView.swift */,
				BCA719952B0AB067008BAA74 /* ScanViewController.swift */,
			);
			path = Views;
			sourceTree = "<group>";
		};
		BC50096F2B18B03C00385381 /* SearchScreen */ = {
			isa = PBXGroup;
			children = (
				BC5009702B18B03C00385381 /* SearchViewController.swift */,
			);
			path = SearchScreen;
			sourceTree = "<group>";
		};
		BC5009722B18B05C00385381 /* NavigationBar */ = {
			isa = PBXGroup;
			children = (
				BC5009732B18B05C00385381 /* ScannerEnabledViewController.swift */,
				BC5009742B18B05C00385381 /* GenericNavigationController.swift */,
				BC5009752B18B05C00385381 /* SearchEnabledViewController.swift */,
			);
			path = NavigationBar;
			sourceTree = "<group>";
		};
		BCA719972B0B3EE9008BAA74 /* ScanFlow */ = {
			isa = PBXGroup;
			children = (
				BC4DE3832B0F7DA000135A12 /* Views */,
				BC93BB752B0C8327008BE2AD /* ScanViewModel.swift */,
				BC50096D2B18B01B00385381 /* ScanCaptureSessionController.swift */,
			);
			path = ScanFlow;
			sourceTree = "<group>";
		};
		BE3524412B02ABA200746581 = {
			isa = PBXGroup;
			children = (
				BE35244C2B02ABA200746581 /* DiscountsAndPromotionsApp */,
				BE35244B2B02ABA200746581 /* Products */,
			);
			sourceTree = "<group>";
		};
		BE35244B2B02ABA200746581 /* Products */ = {
			isa = PBXGroup;
			children = (
				BE35244A2B02ABA200746581 /* DiscountsAndPromotionsApp.app */,
			);
			name = Products;
			sourceTree = "<group>";
		};
		BE35244C2B02ABA200746581 /* DiscountsAndPromotionsApp */ = {
			isa = PBXGroup;
			children = (
				BE3524642B02ACD900746581 /* Application */,
				BE3524652B02B24100746581 /* DesignSystem */,
				BE35246D2B02B29F00746581 /* Navigation */,
				BE521A892B04DF1A005F2FE7 /* Data */,
				BEBA944B2B14D8FA00ABE1AD /* Services */,
				BE3524712B02B2E200746581 /* UI */,
				BE3524722B02B30800746581 /* Extensions */,
				BE3524632B02ACCB00746581 /* Resources */,
				BE3524612B02AC8600746581 /* Configuration */,
				BE3524622B02ACBF00746581 /* Storybords */,
			);
			path = DiscountsAndPromotionsApp;
			sourceTree = "<group>";
		};
		BE3524612B02AC8600746581 /* Configuration */ = {
			isa = PBXGroup;
			children = (
				BC93BB702B0BDA0A008BE2AD /* Info.plist */,
				BCB7F91D2B0C89B500EE20A0 /* ScanFlow.xcstrings */,
				BEAE80462B178E88004DAE32 /* FavoritesFlow.xcstrings */,
				BEBA944E2B14E1DC00ABE1AD /* ErrorHandler.xcstrings */,
				BE2774BB2B0FD0890000C8C2 /* MainFlow.xcstrings */,
			);
			path = Configuration;
			sourceTree = "<group>";
		};
		BE3524622B02ACBF00746581 /* Storybords */ = {
			isa = PBXGroup;
			children = (
				BE3524582B02ABA300746581 /* LaunchScreen.storyboard */,
			);
			path = Storybords;
			sourceTree = "<group>";
		};
		BE3524632B02ACCB00746581 /* Resources */ = {
			isa = PBXGroup;
			children = (
				BE3524562B02ABA300746581 /* Assets.xcassets */,
			);
			path = Resources;
			sourceTree = "<group>";
		};
		BE3524642B02ACD900746581 /* Application */ = {
			isa = PBXGroup;
			children = (
				BE35244D2B02ABA200746581 /* AppDelegate.swift */,
				BE35244F2B02ABA200746581 /* SceneDelegate.swift */,
			);
			path = Application;
			sourceTree = "<group>";
		};
		BE3524652B02B24100746581 /* DesignSystem */ = {
			isa = PBXGroup;
			children = (
				BC5009792B18B0A200385381 /* CornerRadius.swift */,
				BE3524682B02B27A00746581 /* Fonts.swift */,
				BC93BB712B0C814F008BE2AD /* GenericButton.swift */,
				BC93BB732B0C8166008BE2AD /* GenericNavButton.swift */,
			);
			path = DesignSystem;
			sourceTree = "<group>";
		};
		BE35246D2B02B29F00746581 /* Navigation */ = {
			isa = PBXGroup;
			children = (
				BC93BB682B0BC313008BE2AD /* ScanFlowCoordinator.swift */,
				BEBA916B2B0A9D0000C2DE96 /* Coordinator.swift */,
				BE3524752B02B62B00746581 /* MainCoordinator.swift */,
				BEBA91702B0AA7F800C2DE96 /* MainScreenCoordinator.swift */,
				BE8E70B12B0E558300BEAA5A /* FavoritesScreenCoordinator.swift */,
				BE8E70B32B0E74F600BEAA5A /* ProfileScreenCoordinator.swift */,
				BE521A812B04DEB3005F2FE7 /* MainTabBarController.swift */,
			);
			path = Navigation;
			sourceTree = "<group>";
		};
		BE3524712B02B2E200746581 /* UI */ = {
			isa = PBXGroup;
			children = (
				BC5009722B18B05C00385381 /* NavigationBar */,
				BC50096F2B18B03C00385381 /* SearchScreen */,
				BEBA91722B0AAF7900C2DE96 /* MainScreen */,
				BE8E70A02B0D450400BEAA5A /* CategoryScreen */,
				BCA719972B0B3EE9008BAA74 /* ScanFlow */,
				BEF503AA2B151E0100577D7F /* FavoritesScreen */,
				BE521A872B04DECC005F2FE7 /* ProfileViewController.swift */,
			);
			path = UI;
			sourceTree = "<group>";
		};
		BE3524722B02B30800746581 /* Extensions */ = {
			isa = PBXGroup;
			children = (
				BE8E70AF2B0E250100BEAA5A /* Double+Extension.swift */,
				BE3524732B02B4D100746581 /* UIColor+Extension.swift */,
				BC93BB6A2B0BCBF1008BE2AD /* StringBarcodeExtension.swift */,
				BCB7F91F2B0D150700EE20A0 /* UITextFieldExtensions.swift */,
				BCB7F9232B0D255600EE20A0 /* UIImageExtensions.swift */,
				BEBA94502B14E4B900ABE1AD /* UIViewController+Extension.swift */,
			);
			path = Extensions;
			sourceTree = "<group>";
		};
		BE3A55922B0BEF4E0053C851 /* Views */ = {
			isa = PBXGroup;
			children = (
				BE8E70BA2B0E8BED00BEAA5A /* PromotionHeader.swift */,
				BE3A559C2B0BF7BE0053C851 /* FiltersCell.swift */,
				BE8E70B52B0E7A7E00BEAA5A /* PromotionCell.swift */,
				BE8E70BC2B0E90C500BEAA5A /* StoresCell.swift */,
				BE2774B92B0FC3A40000C8C2 /* MainViewController.swift */,
			);
			path = Views;
			sourceTree = "<group>";
		};
		BE3A55932B0BEF590053C851 /* ViewModel */ = {
			isa = PBXGroup;
			children = (
				BE3A55962B0BF01F0053C851 /* MainViewModelProtocol.swift */,
				BE3A55942B0BEF680053C851 /* MainViewModel.swift */,
			);
			path = ViewModel;
			sourceTree = "<group>";
		};
		BE521A892B04DF1A005F2FE7 /* Data */ = {
			isa = PBXGroup;
			children = (
				BEBA916F2B0A9FA300C2DE96 /* Models */,
				BE521A8D2B04DF46005F2FE7 /* Services */,
			);
			path = Data;
			sourceTree = "<group>";
		};
		BE521A8D2B04DF46005F2FE7 /* Services */ = {
			isa = PBXGroup;
			children = (
				BEF503B72B1528A000577D7F /* Data */,
				BEF503B82B1528AC00577D7F /* Profile */,
			);
			path = Services;
			sourceTree = "<group>";
		};
		BE8E70A02B0D450400BEAA5A /* CategoryScreen */ = {
			isa = PBXGroup;
			children = (
				BE8E70AB2B0E1E4A00BEAA5A /* Model */,
				BE8E70A12B0D455800BEAA5A /* Views */,
				BE8E70A42B0D4E4200BEAA5A /* ViewModel */,
			);
			path = CategoryScreen;
			sourceTree = "<group>";
		};
		BE8E70A12B0D455800BEAA5A /* Views */ = {
			isa = PBXGroup;
			children = (
				BE8E709E2B0D345700BEAA5A /* ProductCell.swift */,
				BE8E70A22B0D457400BEAA5A /* CategoryViewController.swift */,
			);
			path = Views;
			sourceTree = "<group>";
		};
		BE8E70A42B0D4E4200BEAA5A /* ViewModel */ = {
			isa = PBXGroup;
			children = (
				BE8E70A72B0D4E8800BEAA5A /* CategoryViewModelProtocol.swift */,
				BE8E70A52B0D4E5200BEAA5A /* CategoryViewModel.swift */,
			);
			path = ViewModel;
			sourceTree = "<group>";
		};
		BE8E70AB2B0E1E4A00BEAA5A /* Model */ = {
			isa = PBXGroup;
			children = (
				BE8E70A92B0E1CED00BEAA5A /* ProductCellUIModel.swift */,
			);
			path = Model;
			sourceTree = "<group>";
		};
		BE8E70B72B0E825600BEAA5A /* Models */ = {
			isa = PBXGroup;
			children = (
				BE8E70B82B0E827200BEAA5A /* PromotionUIModel.swift */,
				BE8E70BE2B0E921900BEAA5A /* StoreUIModel.swift */,
				BEBA94492B13B9F800ABE1AD /* MainScreenSections.swift */,
			);
			path = Models;
			sourceTree = "<group>";
		};
		BEBA916F2B0A9FA300C2DE96 /* Models */ = {
			isa = PBXGroup;
			children = (
				BEBA916D2B0A9F9500C2DE96 /* ProductModel.swift */,
				BEF503B12B15262F00577D7F /* Profile.swift */,
			);
			path = Models;
			sourceTree = "<group>";
		};
		BEBA91722B0AAF7900C2DE96 /* MainScreen */ = {
			isa = PBXGroup;
			children = (
				BE8E70B72B0E825600BEAA5A /* Models */,
				BE3A55922B0BEF4E0053C851 /* Views */,
				BE3A55932B0BEF590053C851 /* ViewModel */,
			);
			path = MainScreen;
			sourceTree = "<group>";
		};
		BEBA944B2B14D8FA00ABE1AD /* Services */ = {
			isa = PBXGroup;
			children = (
				BE8E709C2B0D275300BEAA5A /* CollectionLayoutProvider.swift */,
				BEBA944C2B14D93800ABE1AD /* ErrorHandler.swift */,
			);
			path = Services;
			sourceTree = "<group>";
		};
		BEF503AA2B151E0100577D7F /* FavoritesScreen */ = {
			isa = PBXGroup;
			children = (
				BEF503AB2B15210200577D7F /* Views */,
				BEF503AC2B15210B00577D7F /* ViewModel */,
			);
			path = FavoritesScreen;
			sourceTree = "<group>";
		};
		BEF503AB2B15210200577D7F /* Views */ = {
			isa = PBXGroup;
			children = (
				BE521A852B04DEC8005F2FE7 /* FavoritesViewController.swift */,
			);
			path = Views;
			sourceTree = "<group>";
		};
		BEF503AC2B15210B00577D7F /* ViewModel */ = {
			isa = PBXGroup;
			children = (
				BEF503AD2B15223400577D7F /* FavoritesViewModelProtocol.swift */,
				BEF503AF2B15233A00577D7F /* FavoritesViewModel.swift */,
			);
			path = ViewModel;
			sourceTree = "<group>";
		};
		BEF503B72B1528A000577D7F /* Data */ = {
			isa = PBXGroup;
			children = (
				BEBA94472B137B7E00ABE1AD /* DataServiceProtocol.swift */,
				BE521A8E2B04DF5D005F2FE7 /* MockDataService.swift */,
			);
			path = Data;
			sourceTree = "<group>";
		};
		BEF503B82B1528AC00577D7F /* Profile */ = {
			isa = PBXGroup;
			children = (
				BEF503B52B15288C00577D7F /* ProfileServiceProtocol.swift */,
				BEF503B32B15287F00577D7F /* MockProfileService.swift */,
			);
			path = Profile;
			sourceTree = "<group>";
		};
/* End PBXGroup section */

/* Begin PBXNativeTarget section */
		BE3524492B02ABA200746581 /* DiscountsAndPromotionsApp */ = {
			isa = PBXNativeTarget;
			buildConfigurationList = BE35245E2B02ABA300746581 /* Build configuration list for PBXNativeTarget "DiscountsAndPromotionsApp" */;
			buildPhases = (
				BE521A802B04DD6E005F2FE7 /* Run Swiftlint */,
				BE3524462B02ABA200746581 /* Sources */,
				BE3524472B02ABA200746581 /* Frameworks */,
				BE3524482B02ABA200746581 /* Resources */,
				BC9B4D5D2B0B45310045B6E0 /* Embed Frameworks */,
			);
			buildRules = (
			);
			dependencies = (
			);
			name = DiscountsAndPromotionsApp;
			packageProductDependencies = (
				BE3524822B02B92A00746581 /* SnapKit */,
			);
			productName = DiscountsAndPromotionsApp;
			productReference = BE35244A2B02ABA200746581 /* DiscountsAndPromotionsApp.app */;
			productType = "com.apple.product-type.application";
		};
/* End PBXNativeTarget section */

/* Begin PBXProject section */
		BE3524422B02ABA200746581 /* Project object */ = {
			isa = PBXProject;
			attributes = {
				BuildIndependentTargetsInParallel = 1;
				LastSwiftUpdateCheck = 1500;
				LastUpgradeCheck = 1500;
				TargetAttributes = {
					BE3524492B02ABA200746581 = {
						CreatedOnToolsVersion = 15.0.1;
					};
				};
			};
			buildConfigurationList = BE3524452B02ABA200746581 /* Build configuration list for PBXProject "DiscountsAndPromotionsApp" */;
			compatibilityVersion = "Xcode 14.0";
			developmentRegion = en;
			hasScannedForEncodings = 0;
			knownRegions = (
				en,
				Base,
				ru,
			);
			mainGroup = BE3524412B02ABA200746581;
			packageReferences = (
				BE3524812B02B92A00746581 /* XCRemoteSwiftPackageReference "SnapKit" */,
			);
			productRefGroup = BE35244B2B02ABA200746581 /* Products */;
			projectDirPath = "";
			projectRoot = "";
			targets = (
				BE3524492B02ABA200746581 /* DiscountsAndPromotionsApp */,
			);
		};
/* End PBXProject section */

/* Begin PBXResourcesBuildPhase section */
		BE3524482B02ABA200746581 /* Resources */ = {
			isa = PBXResourcesBuildPhase;
			buildActionMask = 2147483647;
			files = (
				BEBA944F2B14E1DC00ABE1AD /* ErrorHandler.xcstrings in Resources */,
				BE35245A2B02ABA300746581 /* LaunchScreen.storyboard in Resources */,
				BCB7F91E2B0C89B500EE20A0 /* ScanFlow.xcstrings in Resources */,
				BEAE80472B178E88004DAE32 /* FavoritesFlow.xcstrings in Resources */,
				BE2774BC2B0FD0890000C8C2 /* MainFlow.xcstrings in Resources */,
				BE3524572B02ABA300746581 /* Assets.xcassets in Resources */,
			);
			runOnlyForDeploymentPostprocessing = 0;
		};
/* End PBXResourcesBuildPhase section */

/* Begin PBXShellScriptBuildPhase section */
		BE521A802B04DD6E005F2FE7 /* Run Swiftlint */ = {
			isa = PBXShellScriptBuildPhase;
			alwaysOutOfDate = 1;
			buildActionMask = 2147483647;
			files = (
			);
			inputFileListPaths = (
			);
			inputPaths = (
			);
			name = "Run Swiftlint";
			outputFileListPaths = (
			);
			outputPaths = (
			);
			runOnlyForDeploymentPostprocessing = 0;
			shellPath = /bin/sh;
			shellScript = "export PATH=\"$PATH:/opt/homebrew/bin\"\nif which swiftlint > /dev/null; then\n  swiftlint --fix && swiftlint\nelse\n  echo \"warning: SwiftLint not installed, download from https://github.com/realm/SwiftLint\"\nfi\n";
		};
/* End PBXShellScriptBuildPhase section */

/* Begin PBXSourcesBuildPhase section */
		BE3524462B02ABA200746581 /* Sources */ = {
			isa = PBXSourcesBuildPhase;
			buildActionMask = 2147483647;
			files = (
				BC5009782B18B05C00385381 /* SearchEnabledViewController.swift in Sources */,
				BE3524742B02B4D100746581 /* UIColor+Extension.swift in Sources */,
				BE8E70BD2B0E90C500BEAA5A /* StoresCell.swift in Sources */,
				BEBA94482B137B7E00ABE1AD /* DataServiceProtocol.swift in Sources */,
				BEBA91712B0AA7F800C2DE96 /* MainScreenCoordinator.swift in Sources */,
				BCB7F9202B0D150700EE20A0 /* UITextFieldExtensions.swift in Sources */,
				BCA719962B0AB067008BAA74 /* ScanViewController.swift in Sources */,
				BC93BB742B0C8166008BE2AD /* GenericNavButton.swift in Sources */,
				BE521A822B04DEB3005F2FE7 /* MainTabBarController.swift in Sources */,
				BEBA944D2B14D93800ABE1AD /* ErrorHandler.swift in Sources */,
				BE3A55952B0BEF680053C851 /* MainViewModel.swift in Sources */,
				BE8E709D2B0D275300BEAA5A /* CollectionLayoutProvider.swift in Sources */,
				BE8E70A82B0D4E8800BEAA5A /* CategoryViewModelProtocol.swift in Sources */,
				BEBA94512B14E4B900ABE1AD /* UIViewController+Extension.swift in Sources */,
				BEBA916E2B0A9F9500C2DE96 /* ProductModel.swift in Sources */,
				BC93BB692B0BC313008BE2AD /* ScanFlowCoordinator.swift in Sources */,
				BC5009772B18B05C00385381 /* GenericNavigationController.swift in Sources */,
				BC50096E2B18B01B00385381 /* ScanCaptureSessionController.swift in Sources */,
				BE3524762B02B62B00746581 /* MainCoordinator.swift in Sources */,
				BE521A8F2B04DF5D005F2FE7 /* MockDataService.swift in Sources */,
				BE3A55972B0BF01F0053C851 /* MainViewModelProtocol.swift in Sources */,
				BEBA944A2B13B9F800ABE1AD /* MainScreenSections.swift in Sources */,
				BE8E70B62B0E7A7E00BEAA5A /* PromotionCell.swift in Sources */,
				BEF503B02B15233A00577D7F /* FavoritesViewModel.swift in Sources */,
				BEBA916C2B0A9D0000C2DE96 /* Coordinator.swift in Sources */,
				BE8E70B22B0E558300BEAA5A /* FavoritesScreenCoordinator.swift in Sources */,
				BC50097A2B18B0A200385381 /* CornerRadius.swift in Sources */,
				BE521A882B04DECC005F2FE7 /* ProfileViewController.swift in Sources */,
				BE8E70B42B0E74F600BEAA5A /* ProfileScreenCoordinator.swift in Sources */,
				BE8E70A62B0D4E5200BEAA5A /* CategoryViewModel.swift in Sources */,
				BE8E709F2B0D345700BEAA5A /* ProductCell.swift in Sources */,
				BC93BB722B0C814F008BE2AD /* GenericButton.swift in Sources */,
				BC93BB762B0C8327008BE2AD /* ScanViewModel.swift in Sources */,
				BE521A862B04DEC8005F2FE7 /* FavoritesViewController.swift in Sources */,
				BEF503B42B15287F00577D7F /* MockProfileService.swift in Sources */,
				BEF503B62B15288C00577D7F /* ProfileServiceProtocol.swift in Sources */,
				BEF503AE2B15223400577D7F /* FavoritesViewModelProtocol.swift in Sources */,
				BE8E70B92B0E827200BEAA5A /* PromotionUIModel.swift in Sources */,
				BE8E70A32B0D457400BEAA5A /* CategoryViewController.swift in Sources */,
				BE3524692B02B27A00746581 /* Fonts.swift in Sources */,
				BE8E70AA2B0E1CED00BEAA5A /* ProductCellUIModel.swift in Sources */,
				BEF503B22B15262F00577D7F /* Profile.swift in Sources */,
				BE8E70B02B0E250100BEAA5A /* Double+Extension.swift in Sources */,
				BC5009712B18B03C00385381 /* SearchViewController.swift in Sources */,
				BE8E70BB2B0E8BED00BEAA5A /* PromotionHeader.swift in Sources */,
				BE35244E2B02ABA200746581 /* AppDelegate.swift in Sources */,
				BE8E70BF2B0E921900BEAA5A /* StoreUIModel.swift in Sources */,
				BC5009762B18B05C00385381 /* ScannerEnabledViewController.swift in Sources */,
				BCB7F9242B0D255600EE20A0 /* UIImageExtensions.swift in Sources */,
				BCB7F9222B0D153000EE20A0 /* ScanFrameView.swift in Sources */,
				BC93BB6B2B0BCBF1008BE2AD /* StringBarcodeExtension.swift in Sources */,
				BE3524502B02ABA200746581 /* SceneDelegate.swift in Sources */,
				BE3A559D2B0BF7BE0053C851 /* FiltersCell.swift in Sources */,
				BE2774BA2B0FC3A40000C8C2 /* MainViewController.swift in Sources */,
			);
			runOnlyForDeploymentPostprocessing = 0;
		};
/* End PBXSourcesBuildPhase section */

/* Begin PBXVariantGroup section */
		BE3524582B02ABA300746581 /* LaunchScreen.storyboard */ = {
			isa = PBXVariantGroup;
			children = (
				BE3524592B02ABA300746581 /* Base */,
			);
			name = LaunchScreen.storyboard;
			sourceTree = "<group>";
		};
/* End PBXVariantGroup section */

/* Begin XCBuildConfiguration section */
		BE35245C2B02ABA300746581 /* Debug */ = {
			isa = XCBuildConfiguration;
			buildSettings = {
				ALWAYS_SEARCH_USER_PATHS = NO;
				ASSETCATALOG_COMPILER_GENERATE_SWIFT_ASSET_SYMBOL_EXTENSIONS = YES;
				CLANG_ANALYZER_LOCALIZABILITY_NONLOCALIZED = YES;
				CLANG_ANALYZER_NONNULL = YES;
				CLANG_ANALYZER_NUMBER_OBJECT_CONVERSION = YES_AGGRESSIVE;
				CLANG_CXX_LANGUAGE_STANDARD = "gnu++20";
				CLANG_ENABLE_MODULES = YES;
				CLANG_ENABLE_OBJC_ARC = YES;
				CLANG_ENABLE_OBJC_WEAK = YES;
				CLANG_WARN_BLOCK_CAPTURE_AUTORELEASING = YES;
				CLANG_WARN_BOOL_CONVERSION = YES;
				CLANG_WARN_COMMA = YES;
				CLANG_WARN_CONSTANT_CONVERSION = YES;
				CLANG_WARN_DEPRECATED_OBJC_IMPLEMENTATIONS = YES;
				CLANG_WARN_DIRECT_OBJC_ISA_USAGE = YES_ERROR;
				CLANG_WARN_DOCUMENTATION_COMMENTS = YES;
				CLANG_WARN_EMPTY_BODY = YES;
				CLANG_WARN_ENUM_CONVERSION = YES;
				CLANG_WARN_INFINITE_RECURSION = YES;
				CLANG_WARN_INT_CONVERSION = YES;
				CLANG_WARN_NON_LITERAL_NULL_CONVERSION = YES;
				CLANG_WARN_OBJC_IMPLICIT_RETAIN_SELF = YES;
				CLANG_WARN_OBJC_LITERAL_CONVERSION = YES;
				CLANG_WARN_OBJC_ROOT_CLASS = YES_ERROR;
				CLANG_WARN_QUOTED_INCLUDE_IN_FRAMEWORK_HEADER = YES;
				CLANG_WARN_RANGE_LOOP_ANALYSIS = YES;
				CLANG_WARN_STRICT_PROTOTYPES = YES;
				CLANG_WARN_SUSPICIOUS_MOVE = YES;
				CLANG_WARN_UNGUARDED_AVAILABILITY = YES_AGGRESSIVE;
				CLANG_WARN_UNREACHABLE_CODE = YES;
				CLANG_WARN__DUPLICATE_METHOD_MATCH = YES;
				COPY_PHASE_STRIP = NO;
				DEBUG_INFORMATION_FORMAT = dwarf;
				ENABLE_STRICT_OBJC_MSGSEND = YES;
				ENABLE_TESTABILITY = YES;
				ENABLE_USER_SCRIPT_SANDBOXING = NO;
				GCC_C_LANGUAGE_STANDARD = gnu17;
				GCC_DYNAMIC_NO_PIC = NO;
				GCC_NO_COMMON_BLOCKS = YES;
				GCC_OPTIMIZATION_LEVEL = 0;
				GCC_PREPROCESSOR_DEFINITIONS = (
					"DEBUG=1",
					"$(inherited)",
				);
				GCC_WARN_64_TO_32_BIT_CONVERSION = YES;
				GCC_WARN_ABOUT_RETURN_TYPE = YES_ERROR;
				GCC_WARN_UNDECLARED_SELECTOR = YES;
				GCC_WARN_UNINITIALIZED_AUTOS = YES_AGGRESSIVE;
				GCC_WARN_UNUSED_FUNCTION = YES;
				GCC_WARN_UNUSED_VARIABLE = YES;
				IPHONEOS_DEPLOYMENT_TARGET = 15.0;
				LOCALIZATION_PREFERS_STRING_CATALOGS = YES;
				MTL_ENABLE_DEBUG_INFO = INCLUDE_SOURCE;
				MTL_FAST_MATH = YES;
				ONLY_ACTIVE_ARCH = YES;
				SDKROOT = iphoneos;
				SWIFT_ACTIVE_COMPILATION_CONDITIONS = "DEBUG $(inherited)";
				SWIFT_EMIT_LOC_STRINGS = YES;
				SWIFT_OPTIMIZATION_LEVEL = "-Onone";
			};
			name = Debug;
		};
		BE35245D2B02ABA300746581 /* Release */ = {
			isa = XCBuildConfiguration;
			buildSettings = {
				ALWAYS_SEARCH_USER_PATHS = NO;
				ASSETCATALOG_COMPILER_GENERATE_SWIFT_ASSET_SYMBOL_EXTENSIONS = YES;
				CLANG_ANALYZER_LOCALIZABILITY_NONLOCALIZED = YES;
				CLANG_ANALYZER_NONNULL = YES;
				CLANG_ANALYZER_NUMBER_OBJECT_CONVERSION = YES_AGGRESSIVE;
				CLANG_CXX_LANGUAGE_STANDARD = "gnu++20";
				CLANG_ENABLE_MODULES = YES;
				CLANG_ENABLE_OBJC_ARC = YES;
				CLANG_ENABLE_OBJC_WEAK = YES;
				CLANG_WARN_BLOCK_CAPTURE_AUTORELEASING = YES;
				CLANG_WARN_BOOL_CONVERSION = YES;
				CLANG_WARN_COMMA = YES;
				CLANG_WARN_CONSTANT_CONVERSION = YES;
				CLANG_WARN_DEPRECATED_OBJC_IMPLEMENTATIONS = YES;
				CLANG_WARN_DIRECT_OBJC_ISA_USAGE = YES_ERROR;
				CLANG_WARN_DOCUMENTATION_COMMENTS = YES;
				CLANG_WARN_EMPTY_BODY = YES;
				CLANG_WARN_ENUM_CONVERSION = YES;
				CLANG_WARN_INFINITE_RECURSION = YES;
				CLANG_WARN_INT_CONVERSION = YES;
				CLANG_WARN_NON_LITERAL_NULL_CONVERSION = YES;
				CLANG_WARN_OBJC_IMPLICIT_RETAIN_SELF = YES;
				CLANG_WARN_OBJC_LITERAL_CONVERSION = YES;
				CLANG_WARN_OBJC_ROOT_CLASS = YES_ERROR;
				CLANG_WARN_QUOTED_INCLUDE_IN_FRAMEWORK_HEADER = YES;
				CLANG_WARN_RANGE_LOOP_ANALYSIS = YES;
				CLANG_WARN_STRICT_PROTOTYPES = YES;
				CLANG_WARN_SUSPICIOUS_MOVE = YES;
				CLANG_WARN_UNGUARDED_AVAILABILITY = YES_AGGRESSIVE;
				CLANG_WARN_UNREACHABLE_CODE = YES;
				CLANG_WARN__DUPLICATE_METHOD_MATCH = YES;
				COPY_PHASE_STRIP = NO;
				DEBUG_INFORMATION_FORMAT = "dwarf-with-dsym";
				ENABLE_NS_ASSERTIONS = NO;
				ENABLE_STRICT_OBJC_MSGSEND = YES;
				ENABLE_USER_SCRIPT_SANDBOXING = NO;
				GCC_C_LANGUAGE_STANDARD = gnu17;
				GCC_NO_COMMON_BLOCKS = YES;
				GCC_WARN_64_TO_32_BIT_CONVERSION = YES;
				GCC_WARN_ABOUT_RETURN_TYPE = YES_ERROR;
				GCC_WARN_UNDECLARED_SELECTOR = YES;
				GCC_WARN_UNINITIALIZED_AUTOS = YES_AGGRESSIVE;
				GCC_WARN_UNUSED_FUNCTION = YES;
				GCC_WARN_UNUSED_VARIABLE = YES;
				IPHONEOS_DEPLOYMENT_TARGET = 15.0;
				LOCALIZATION_PREFERS_STRING_CATALOGS = YES;
				MTL_ENABLE_DEBUG_INFO = NO;
				MTL_FAST_MATH = YES;
				SDKROOT = iphoneos;
				SWIFT_COMPILATION_MODE = wholemodule;
				SWIFT_EMIT_LOC_STRINGS = YES;
				VALIDATE_PRODUCT = YES;
			};
			name = Release;
		};
		BE35245F2B02ABA300746581 /* Debug */ = {
			isa = XCBuildConfiguration;
			buildSettings = {
				ASSETCATALOG_COMPILER_APPICON_NAME = AppIcon;
				ASSETCATALOG_COMPILER_GLOBAL_ACCENT_COLOR_NAME = AccentColor;
				CODE_SIGN_STYLE = Automatic;
				CURRENT_PROJECT_VERSION = 1;
				DEVELOPMENT_TEAM = 7XT93683G9;
				GENERATE_INFOPLIST_FILE = YES;
				INFOPLIST_FILE = DiscountsAndPromotionsApp/Configuration/Info.plist;
				INFOPLIST_KEY_UIApplicationSupportsIndirectInputEvents = YES;
				INFOPLIST_KEY_UILaunchStoryboardName = LaunchScreen;
				INFOPLIST_KEY_UISupportedInterfaceOrientations = UIInterfaceOrientationPortrait;
				INFOPLIST_KEY_UISupportedInterfaceOrientations_iPad = "UIInterfaceOrientationLandscapeLeft UIInterfaceOrientationLandscapeRight UIInterfaceOrientationPortrait UIInterfaceOrientationPortraitUpsideDown";
				LD_RUNPATH_SEARCH_PATHS = (
					"$(inherited)",
					"@executable_path/Frameworks",
				);
				MARKETING_VERSION = 1.0;
				PRODUCT_BUNDLE_IDENTIFIER = ay.cherry;
				PRODUCT_NAME = "$(TARGET_NAME)";
				SUPPORTED_PLATFORMS = "iphoneos iphonesimulator";
				SUPPORTS_MACCATALYST = NO;
				SUPPORTS_MAC_DESIGNED_FOR_IPHONE_IPAD = NO;
				SWIFT_EMIT_LOC_STRINGS = YES;
				SWIFT_VERSION = 5.0;
				TARGETED_DEVICE_FAMILY = 1;
			};
			name = Debug;
		};
		BE3524602B02ABA300746581 /* Release */ = {
			isa = XCBuildConfiguration;
			buildSettings = {
				ASSETCATALOG_COMPILER_APPICON_NAME = AppIcon;
				ASSETCATALOG_COMPILER_GLOBAL_ACCENT_COLOR_NAME = AccentColor;
				CODE_SIGN_STYLE = Automatic;
				CURRENT_PROJECT_VERSION = 1;
				DEVELOPMENT_TEAM = 7XT93683G9;
				GENERATE_INFOPLIST_FILE = YES;
				INFOPLIST_FILE = DiscountsAndPromotionsApp/Configuration/Info.plist;
				INFOPLIST_KEY_UIApplicationSupportsIndirectInputEvents = YES;
				INFOPLIST_KEY_UILaunchStoryboardName = LaunchScreen;
				INFOPLIST_KEY_UISupportedInterfaceOrientations = UIInterfaceOrientationPortrait;
				INFOPLIST_KEY_UISupportedInterfaceOrientations_iPad = "UIInterfaceOrientationLandscapeLeft UIInterfaceOrientationLandscapeRight UIInterfaceOrientationPortrait UIInterfaceOrientationPortraitUpsideDown";
				LD_RUNPATH_SEARCH_PATHS = (
					"$(inherited)",
					"@executable_path/Frameworks",
				);
				MARKETING_VERSION = 1.0;
				PRODUCT_BUNDLE_IDENTIFIER = ay.cherry;
				PRODUCT_NAME = "$(TARGET_NAME)";
				SUPPORTED_PLATFORMS = "iphoneos iphonesimulator";
				SUPPORTS_MACCATALYST = NO;
				SUPPORTS_MAC_DESIGNED_FOR_IPHONE_IPAD = NO;
				SWIFT_EMIT_LOC_STRINGS = YES;
				SWIFT_VERSION = 5.0;
				TARGETED_DEVICE_FAMILY = 1;
			};
			name = Release;
		};
/* End XCBuildConfiguration section */

/* Begin XCConfigurationList section */
		BE3524452B02ABA200746581 /* Build configuration list for PBXProject "DiscountsAndPromotionsApp" */ = {
			isa = XCConfigurationList;
			buildConfigurations = (
				BE35245C2B02ABA300746581 /* Debug */,
				BE35245D2B02ABA300746581 /* Release */,
			);
			defaultConfigurationIsVisible = 0;
			defaultConfigurationName = Release;
		};
		BE35245E2B02ABA300746581 /* Build configuration list for PBXNativeTarget "DiscountsAndPromotionsApp" */ = {
			isa = XCConfigurationList;
			buildConfigurations = (
				BE35245F2B02ABA300746581 /* Debug */,
				BE3524602B02ABA300746581 /* Release */,
			);
			defaultConfigurationIsVisible = 0;
			defaultConfigurationName = Release;
		};
/* End XCConfigurationList section */

/* Begin XCRemoteSwiftPackageReference section */
		BE3524812B02B92A00746581 /* XCRemoteSwiftPackageReference "SnapKit" */ = {
			isa = XCRemoteSwiftPackageReference;
			repositoryURL = "https://github.com/SnapKit/SnapKit";
			requirement = {
				kind = upToNextMajorVersion;
				minimumVersion = 5.6.0;
			};
		};
/* End XCRemoteSwiftPackageReference section */

/* Begin XCSwiftPackageProductDependency section */
		BE3524822B02B92A00746581 /* SnapKit */ = {
			isa = XCSwiftPackageProductDependency;
			package = BE3524812B02B92A00746581 /* XCRemoteSwiftPackageReference "SnapKit" */;
			productName = SnapKit;
		};
/* End XCSwiftPackageProductDependency section */
	};
	rootObject = BE3524422B02ABA200746581 /* Project object */;
}
