// !$*UTF8*$!
{
	archiveVersion = 1;
	classes = {
	};
	objectVersion = 56;
	objects = {

/* Begin PBXBuildFile section */
		BE35244E2B02ABA200746581 /* AppDelegate.swift in Sources */ = {isa = PBXBuildFile; fileRef = BE35244D2B02ABA200746581 /* AppDelegate.swift */; };
		BE3524502B02ABA200746581 /* SceneDelegate.swift in Sources */ = {isa = PBXBuildFile; fileRef = BE35244F2B02ABA200746581 /* SceneDelegate.swift */; };
		BE3524522B02ABA200746581 /* MainViewController.swift in Sources */ = {isa = PBXBuildFile; fileRef = BE3524512B02ABA200746581 /* MainViewController.swift */; };
		BE3524572B02ABA300746581 /* Assets.xcassets in Resources */ = {isa = PBXBuildFile; fileRef = BE3524562B02ABA300746581 /* Assets.xcassets */; };
		BE35245A2B02ABA300746581 /* LaunchScreen.storyboard in Resources */ = {isa = PBXBuildFile; fileRef = BE3524582B02ABA300746581 /* LaunchScreen.storyboard */; };
		BE3524692B02B27A00746581 /* Fonts.swift in Sources */ = {isa = PBXBuildFile; fileRef = BE3524682B02B27A00746581 /* Fonts.swift */; };
		BE3524742B02B4D100746581 /* UIColor+Extension.swift in Sources */ = {isa = PBXBuildFile; fileRef = BE3524732B02B4D100746581 /* UIColor+Extension.swift */; };
		BE3524762B02B62B00746581 /* MainCoordinator.swift in Sources */ = {isa = PBXBuildFile; fileRef = BE3524752B02B62B00746581 /* MainCoordinator.swift */; };
		BE35247D2B02B8BE00746581 /* Localizable.strings in Resources */ = {isa = PBXBuildFile; fileRef = BE35247F2B02B8BE00746581 /* Localizable.strings */; };
		BE3524832B02B92A00746581 /* SnapKit in Frameworks */ = {isa = PBXBuildFile; productRef = BE3524822B02B92A00746581 /* SnapKit */; };
		BE3524852B02B92A00746581 /* SnapKit-Dynamic in Frameworks */ = {isa = PBXBuildFile; productRef = BE3524842B02B92A00746581 /* SnapKit-Dynamic */; };
		BE3A55952B0BEF680053C851 /* MainViewModel.swift in Sources */ = {isa = PBXBuildFile; fileRef = BE3A55942B0BEF680053C851 /* MainViewModel.swift */; };
		BE3A55972B0BF01F0053C851 /* MainViewModelProtocol.swift in Sources */ = {isa = PBXBuildFile; fileRef = BE3A55962B0BF01F0053C851 /* MainViewModelProtocol.swift */; };
		BE3A559D2B0BF7BE0053C851 /* FiltersCell.swift in Sources */ = {isa = PBXBuildFile; fileRef = BE3A559C2B0BF7BE0053C851 /* FiltersCell.swift */; };
		BE521A822B04DEB3005F2FE7 /* MainTabBarController.swift in Sources */ = {isa = PBXBuildFile; fileRef = BE521A812B04DEB3005F2FE7 /* MainTabBarController.swift */; };
		BE521A842B04DEC4005F2FE7 /* CatalogViewController.swift in Sources */ = {isa = PBXBuildFile; fileRef = BE521A832B04DEC4005F2FE7 /* CatalogViewController.swift */; };
		BE521A862B04DEC8005F2FE7 /* FavoritesViewController.swift in Sources */ = {isa = PBXBuildFile; fileRef = BE521A852B04DEC8005F2FE7 /* FavoritesViewController.swift */; };
		BE521A882B04DECC005F2FE7 /* ProfileViewController.swift in Sources */ = {isa = PBXBuildFile; fileRef = BE521A872B04DECC005F2FE7 /* ProfileViewController.swift */; };
		BE521A8F2B04DF5D005F2FE7 /* MockDataService.swift in Sources */ = {isa = PBXBuildFile; fileRef = BE521A8E2B04DF5D005F2FE7 /* MockDataService.swift */; };
		BE8E709B2B0D22F400BEAA5A /* Category.swift in Sources */ = {isa = PBXBuildFile; fileRef = BE8E709A2B0D22F400BEAA5A /* Category.swift */; };
		BE8E709D2B0D275300BEAA5A /* CollectionLayoutProvider.swift in Sources */ = {isa = PBXBuildFile; fileRef = BE8E709C2B0D275300BEAA5A /* CollectionLayoutProvider.swift */; };
		BEBA916C2B0A9D0000C2DE96 /* Coordinator.swift in Sources */ = {isa = PBXBuildFile; fileRef = BEBA916B2B0A9D0000C2DE96 /* Coordinator.swift */; };
		BEBA916E2B0A9F9500C2DE96 /* ProductModel.swift in Sources */ = {isa = PBXBuildFile; fileRef = BEBA916D2B0A9F9500C2DE96 /* ProductModel.swift */; };
		BEBA91712B0AA7F800C2DE96 /* MainScreenCoordinator.swift in Sources */ = {isa = PBXBuildFile; fileRef = BEBA91702B0AA7F800C2DE96 /* MainScreenCoordinator.swift */; };
/* End PBXBuildFile section */

/* Begin PBXFileReference section */
		BE35244A2B02ABA200746581 /* DiscountsAndPromotionsApp.app */ = {isa = PBXFileReference; explicitFileType = wrapper.application; includeInIndex = 0; path = DiscountsAndPromotionsApp.app; sourceTree = BUILT_PRODUCTS_DIR; };
		BE35244D2B02ABA200746581 /* AppDelegate.swift */ = {isa = PBXFileReference; lastKnownFileType = sourcecode.swift; path = AppDelegate.swift; sourceTree = "<group>"; };
		BE35244F2B02ABA200746581 /* SceneDelegate.swift */ = {isa = PBXFileReference; lastKnownFileType = sourcecode.swift; path = SceneDelegate.swift; sourceTree = "<group>"; };
		BE3524512B02ABA200746581 /* MainViewController.swift */ = {isa = PBXFileReference; lastKnownFileType = sourcecode.swift; path = MainViewController.swift; sourceTree = "<group>"; };
		BE3524562B02ABA300746581 /* Assets.xcassets */ = {isa = PBXFileReference; lastKnownFileType = folder.assetcatalog; path = Assets.xcassets; sourceTree = "<group>"; };
		BE3524592B02ABA300746581 /* Base */ = {isa = PBXFileReference; lastKnownFileType = file.storyboard; name = Base; path = Base.lproj/LaunchScreen.storyboard; sourceTree = "<group>"; };
		BE35245B2B02ABA300746581 /* Info.plist */ = {isa = PBXFileReference; lastKnownFileType = text.plist.xml; path = Info.plist; sourceTree = "<group>"; };
		BE3524682B02B27A00746581 /* Fonts.swift */ = {isa = PBXFileReference; fileEncoding = 4; lastKnownFileType = sourcecode.swift; path = Fonts.swift; sourceTree = "<group>"; };
		BE3524732B02B4D100746581 /* UIColor+Extension.swift */ = {isa = PBXFileReference; fileEncoding = 4; lastKnownFileType = sourcecode.swift; path = "UIColor+Extension.swift"; sourceTree = "<group>"; };
		BE3524752B02B62B00746581 /* MainCoordinator.swift */ = {isa = PBXFileReference; fileEncoding = 4; lastKnownFileType = sourcecode.swift; path = MainCoordinator.swift; sourceTree = "<group>"; };
		BE35247E2B02B8BE00746581 /* en */ = {isa = PBXFileReference; lastKnownFileType = text.plist.strings; name = en; path = en.lproj/Localizable.strings; sourceTree = "<group>"; };
		BE3524802B02B8D200746581 /* ru */ = {isa = PBXFileReference; lastKnownFileType = text.plist.strings; name = ru; path = ru.lproj/Localizable.strings; sourceTree = "<group>"; };
		BE3A55942B0BEF680053C851 /* MainViewModel.swift */ = {isa = PBXFileReference; lastKnownFileType = sourcecode.swift; path = MainViewModel.swift; sourceTree = "<group>"; };
		BE3A55962B0BF01F0053C851 /* MainViewModelProtocol.swift */ = {isa = PBXFileReference; lastKnownFileType = sourcecode.swift; path = MainViewModelProtocol.swift; sourceTree = "<group>"; };
		BE3A559C2B0BF7BE0053C851 /* FiltersCell.swift */ = {isa = PBXFileReference; lastKnownFileType = sourcecode.swift; path = FiltersCell.swift; sourceTree = "<group>"; };
		BE521A812B04DEB3005F2FE7 /* MainTabBarController.swift */ = {isa = PBXFileReference; fileEncoding = 4; lastKnownFileType = sourcecode.swift; path = MainTabBarController.swift; sourceTree = "<group>"; };
		BE521A832B04DEC4005F2FE7 /* CatalogViewController.swift */ = {isa = PBXFileReference; fileEncoding = 4; lastKnownFileType = sourcecode.swift; path = CatalogViewController.swift; sourceTree = "<group>"; };
		BE521A852B04DEC8005F2FE7 /* FavoritesViewController.swift */ = {isa = PBXFileReference; fileEncoding = 4; lastKnownFileType = sourcecode.swift; path = FavoritesViewController.swift; sourceTree = "<group>"; };
		BE521A872B04DECC005F2FE7 /* ProfileViewController.swift */ = {isa = PBXFileReference; fileEncoding = 4; lastKnownFileType = sourcecode.swift; path = ProfileViewController.swift; sourceTree = "<group>"; };
		BE521A8E2B04DF5D005F2FE7 /* MockDataService.swift */ = {isa = PBXFileReference; fileEncoding = 4; lastKnownFileType = sourcecode.swift; path = MockDataService.swift; sourceTree = "<group>"; };
		BE8E709A2B0D22F400BEAA5A /* Category.swift */ = {isa = PBXFileReference; lastKnownFileType = sourcecode.swift; path = Category.swift; sourceTree = "<group>"; };
		BE8E709C2B0D275300BEAA5A /* CollectionLayoutProvider.swift */ = {isa = PBXFileReference; lastKnownFileType = sourcecode.swift; path = CollectionLayoutProvider.swift; sourceTree = "<group>"; };
		BEBA916B2B0A9D0000C2DE96 /* Coordinator.swift */ = {isa = PBXFileReference; lastKnownFileType = sourcecode.swift; path = Coordinator.swift; sourceTree = "<group>"; };
		BEBA916D2B0A9F9500C2DE96 /* ProductModel.swift */ = {isa = PBXFileReference; lastKnownFileType = sourcecode.swift; path = ProductModel.swift; sourceTree = "<group>"; };
		BEBA91702B0AA7F800C2DE96 /* MainScreenCoordinator.swift */ = {isa = PBXFileReference; lastKnownFileType = sourcecode.swift; path = MainScreenCoordinator.swift; sourceTree = "<group>"; };
/* End PBXFileReference section */

/* Begin PBXFrameworksBuildPhase section */
		BE3524472B02ABA200746581 /* Frameworks */ = {
			isa = PBXFrameworksBuildPhase;
			buildActionMask = 2147483647;
			files = (
				BE3524832B02B92A00746581 /* SnapKit in Frameworks */,
				BE3524852B02B92A00746581 /* SnapKit-Dynamic in Frameworks */,
			);
			runOnlyForDeploymentPostprocessing = 0;
		};
/* End PBXFrameworksBuildPhase section */

/* Begin PBXGroup section */
		BE3524412B02ABA200746581 = {
			isa = PBXGroup;
			children = (
				BE35244C2B02ABA200746581 /* DiscountsAndPromotionsApp */,
				BE35244B2B02ABA200746581 /* Products */,
			);
			sourceTree = "<group>";
		};
		BE35244B2B02ABA200746581 /* Products */ = {
			isa = PBXGroup;
			children = (
				BE35244A2B02ABA200746581 /* DiscountsAndPromotionsApp.app */,
			);
			name = Products;
			sourceTree = "<group>";
		};
		BE35244C2B02ABA200746581 /* DiscountsAndPromotionsApp */ = {
			isa = PBXGroup;
			children = (
				BE3524642B02ACD900746581 /* Application */,
				BE3524652B02B24100746581 /* DesignSystem */,
				BE35246D2B02B29F00746581 /* Navigation */,
				BE521A892B04DF1A005F2FE7 /* Data */,
				BE3524712B02B2E200746581 /* UI */,
				BE3524722B02B30800746581 /* Extensions */,
				BE3524632B02ACCB00746581 /* Resources */,
				BE3524622B02ACBF00746581 /* Storybords */,
				BE3524612B02AC8600746581 /* Configuration */,
			);
			path = DiscountsAndPromotionsApp;
			sourceTree = "<group>";
		};
		BE3524612B02AC8600746581 /* Configuration */ = {
			isa = PBXGroup;
			children = (
				BE35247F2B02B8BE00746581 /* Localizable.strings */,
				BE35245B2B02ABA300746581 /* Info.plist */,
			);
			path = Configuration;
			sourceTree = "<group>";
		};
		BE3524622B02ACBF00746581 /* Storybords */ = {
			isa = PBXGroup;
			children = (
				BE3524582B02ABA300746581 /* LaunchScreen.storyboard */,
			);
			path = Storybords;
			sourceTree = "<group>";
		};
		BE3524632B02ACCB00746581 /* Resources */ = {
			isa = PBXGroup;
			children = (
				BE3524562B02ABA300746581 /* Assets.xcassets */,
			);
			path = Resources;
			sourceTree = "<group>";
		};
		BE3524642B02ACD900746581 /* Application */ = {
			isa = PBXGroup;
			children = (
				BE35244D2B02ABA200746581 /* AppDelegate.swift */,
				BE35244F2B02ABA200746581 /* SceneDelegate.swift */,
			);
			path = Application;
			sourceTree = "<group>";
		};
		BE3524652B02B24100746581 /* DesignSystem */ = {
			isa = PBXGroup;
			children = (
				BE3524682B02B27A00746581 /* Fonts.swift */,
			);
			path = DesignSystem;
			sourceTree = "<group>";
		};
		BE35246D2B02B29F00746581 /* Navigation */ = {
			isa = PBXGroup;
			children = (
				BEBA916B2B0A9D0000C2DE96 /* Coordinator.swift */,
				BE3524752B02B62B00746581 /* MainCoordinator.swift */,
				BEBA91702B0AA7F800C2DE96 /* MainScreenCoordinator.swift */,
				BE521A812B04DEB3005F2FE7 /* MainTabBarController.swift */,
			);
			path = Navigation;
			sourceTree = "<group>";
		};
		BE3524712B02B2E200746581 /* UI */ = {
			isa = PBXGroup;
			children = (
				BEBA91722B0AAF7900C2DE96 /* MainScreen */,
				BE521A832B04DEC4005F2FE7 /* CatalogViewController.swift */,
				BE521A852B04DEC8005F2FE7 /* FavoritesViewController.swift */,
				BE521A872B04DECC005F2FE7 /* ProfileViewController.swift */,
			);
			path = UI;
			sourceTree = "<group>";
		};
		BE3524722B02B30800746581 /* Extensions */ = {
			isa = PBXGroup;
			children = (
				BE3524732B02B4D100746581 /* UIColor+Extension.swift */,
			);
			path = Extensions;
			sourceTree = "<group>";
		};
		BE3A55922B0BEF4E0053C851 /* View */ = {
			isa = PBXGroup;
			children = (
				BE3A559C2B0BF7BE0053C851 /* FiltersCell.swift */,
				BE3524512B02ABA200746581 /* MainViewController.swift */,
			);
			path = View;
			sourceTree = "<group>";
		};
		BE3A55932B0BEF590053C851 /* ViewModel */ = {
			isa = PBXGroup;
			children = (
				BE3A55962B0BF01F0053C851 /* MainViewModelProtocol.swift */,
				BE3A55942B0BEF680053C851 /* MainViewModel.swift */,
			);
			path = ViewModel;
			sourceTree = "<group>";
		};
		BE521A892B04DF1A005F2FE7 /* Data */ = {
			isa = PBXGroup;
			children = (
				BEBA916F2B0A9FA300C2DE96 /* Models */,
				BE521A8D2B04DF46005F2FE7 /* Services */,
			);
			path = Data;
			sourceTree = "<group>";
		};
		BE521A8D2B04DF46005F2FE7 /* Services */ = {
			isa = PBXGroup;
			children = (
				BE8E709C2B0D275300BEAA5A /* CollectionLayoutProvider.swift */,
				BE521A8E2B04DF5D005F2FE7 /* MockDataService.swift */,
			);
			path = Services;
			sourceTree = "<group>";
		};
		BEBA916F2B0A9FA300C2DE96 /* Models */ = {
			isa = PBXGroup;
			children = (
				BEBA916D2B0A9F9500C2DE96 /* ProductModel.swift */,
				BE8E709A2B0D22F400BEAA5A /* Category.swift */,
			);
			path = Models;
			sourceTree = "<group>";
		};
		BEBA91722B0AAF7900C2DE96 /* MainScreen */ = {
			isa = PBXGroup;
			children = (
				BE3A55922B0BEF4E0053C851 /* View */,
				BE3A55932B0BEF590053C851 /* ViewModel */,
			);
			path = MainScreen;
			sourceTree = "<group>";
		};
/* End PBXGroup section */

/* Begin PBXNativeTarget section */
		BE3524492B02ABA200746581 /* DiscountsAndPromotionsApp */ = {
			isa = PBXNativeTarget;
			buildConfigurationList = BE35245E2B02ABA300746581 /* Build configuration list for PBXNativeTarget "DiscountsAndPromotionsApp" */;
			buildPhases = (
				BE3524462B02ABA200746581 /* Sources */,
				BE3524472B02ABA200746581 /* Frameworks */,
				BE3524482B02ABA200746581 /* Resources */,
				BE521A802B04DD6E005F2FE7 /* Run Swiftlint */,
			);
			buildRules = (
			);
			dependencies = (
			);
			name = DiscountsAndPromotionsApp;
			packageProductDependencies = (
				BE3524822B02B92A00746581 /* SnapKit */,
				BE3524842B02B92A00746581 /* SnapKit-Dynamic */,
			);
			productName = DiscountsAndPromotionsApp;
			productReference = BE35244A2B02ABA200746581 /* DiscountsAndPromotionsApp.app */;
			productType = "com.apple.product-type.application";
		};
/* End PBXNativeTarget section */

/* Begin PBXProject section */
		BE3524422B02ABA200746581 /* Project object */ = {
			isa = PBXProject;
			attributes = {
				BuildIndependentTargetsInParallel = 1;
				LastSwiftUpdateCheck = 1500;
				LastUpgradeCheck = 1500;
				TargetAttributes = {
					BE3524492B02ABA200746581 = {
						CreatedOnToolsVersion = 15.0.1;
					};
				};
			};
			buildConfigurationList = BE3524452B02ABA200746581 /* Build configuration list for PBXProject "DiscountsAndPromotionsApp" */;
			compatibilityVersion = "Xcode 14.0";
			developmentRegion = en;
			hasScannedForEncodings = 0;
			knownRegions = (
				en,
				Base,
				ru,
			);
			mainGroup = BE3524412B02ABA200746581;
			packageReferences = (
				BE3524812B02B92A00746581 /* XCRemoteSwiftPackageReference "SnapKit" */,
			);
			productRefGroup = BE35244B2B02ABA200746581 /* Products */;
			projectDirPath = "";
			projectRoot = "";
			targets = (
				BE3524492B02ABA200746581 /* DiscountsAndPromotionsApp */,
			);
		};
/* End PBXProject section */

/* Begin PBXResourcesBuildPhase section */
		BE3524482B02ABA200746581 /* Resources */ = {
			isa = PBXResourcesBuildPhase;
			buildActionMask = 2147483647;
			files = (
				BE35245A2B02ABA300746581 /* LaunchScreen.storyboard in Resources */,
				BE35247D2B02B8BE00746581 /* Localizable.strings in Resources */,
				BE3524572B02ABA300746581 /* Assets.xcassets in Resources */,
			);
			runOnlyForDeploymentPostprocessing = 0;
		};
/* End PBXResourcesBuildPhase section */

/* Begin PBXShellScriptBuildPhase section */
		BE521A802B04DD6E005F2FE7 /* Run Swiftlint */ = {
			isa = PBXShellScriptBuildPhase;
			alwaysOutOfDate = 1;
			buildActionMask = 2147483647;
			files = (
			);
			inputFileListPaths = (
			);
			inputPaths = (
			);
			name = "Run Swiftlint";
			outputFileListPaths = (
			);
			outputPaths = (
			);
			runOnlyForDeploymentPostprocessing = 0;
			shellPath = /bin/sh;
			shellScript = "export PATH=\"$PATH:/opt/homebrew/bin\"\nif which swiftlint > /dev/null; then\n  swiftlint --fix && swiftlint\nelse\n  echo \"warning: SwiftLint not installed, download from https://github.com/realm/SwiftLint\"\nfi\n";
		};
/* End PBXShellScriptBuildPhase section */

/* Begin PBXSourcesBuildPhase section */
		BE3524462B02ABA200746581 /* Sources */ = {
			isa = PBXSourcesBuildPhase;
			buildActionMask = 2147483647;
			files = (
				BE521A842B04DEC4005F2FE7 /* CatalogViewController.swift in Sources */,
				BE3524742B02B4D100746581 /* UIColor+Extension.swift in Sources */,
				BE8E709B2B0D22F400BEAA5A /* Category.swift in Sources */,
				BE3524522B02ABA200746581 /* MainViewController.swift in Sources */,
				BEBA91712B0AA7F800C2DE96 /* MainScreenCoordinator.swift in Sources */,
				BE521A822B04DEB3005F2FE7 /* MainTabBarController.swift in Sources */,
				BE3A55952B0BEF680053C851 /* MainViewModel.swift in Sources */,
				BE8E709D2B0D275300BEAA5A /* CollectionLayoutProvider.swift in Sources */,
				BEBA916E2B0A9F9500C2DE96 /* ProductModel.swift in Sources */,
				BE3524762B02B62B00746581 /* MainCoordinator.swift in Sources */,
				BE521A8F2B04DF5D005F2FE7 /* MockDataService.swift in Sources */,
				BE3A55972B0BF01F0053C851 /* MainViewModelProtocol.swift in Sources */,
				BEBA916C2B0A9D0000C2DE96 /* Coordinator.swift in Sources */,
				BE521A882B04DECC005F2FE7 /* ProfileViewController.swift in Sources */,
				BE521A862B04DEC8005F2FE7 /* FavoritesViewController.swift in Sources */,
				BE3524692B02B27A00746581 /* Fonts.swift in Sources */,
				BE35244E2B02ABA200746581 /* AppDelegate.swift in Sources */,
				BE3524502B02ABA200746581 /* SceneDelegate.swift in Sources */,
				BE3A559D2B0BF7BE0053C851 /* FiltersCell.swift in Sources */,
			);
			runOnlyForDeploymentPostprocessing = 0;
		};
/* End PBXSourcesBuildPhase section */

/* Begin PBXVariantGroup section */
		BE3524582B02ABA300746581 /* LaunchScreen.storyboard */ = {
			isa = PBXVariantGroup;
			children = (
				BE3524592B02ABA300746581 /* Base */,
			);
			name = LaunchScreen.storyboard;
			sourceTree = "<group>";
		};
		BE35247F2B02B8BE00746581 /* Localizable.strings */ = {
			isa = PBXVariantGroup;
			children = (
				BE35247E2B02B8BE00746581 /* en */,
				BE3524802B02B8D200746581 /* ru */,
			);
			name = Localizable.strings;
			sourceTree = "<group>";
		};
/* End PBXVariantGroup section */

/* Begin XCBuildConfiguration section */
		BE35245C2B02ABA300746581 /* Debug */ = {
			isa = XCBuildConfiguration;
			buildSettings = {
				ALWAYS_SEARCH_USER_PATHS = NO;
				ASSETCATALOG_COMPILER_GENERATE_SWIFT_ASSET_SYMBOL_EXTENSIONS = YES;
				CLANG_ANALYZER_LOCALIZABILITY_NONLOCALIZED = YES;
				CLANG_ANALYZER_NONNULL = YES;
				CLANG_ANALYZER_NUMBER_OBJECT_CONVERSION = YES_AGGRESSIVE;
				CLANG_CXX_LANGUAGE_STANDARD = "gnu++20";
				CLANG_ENABLE_MODULES = YES;
				CLANG_ENABLE_OBJC_ARC = YES;
				CLANG_ENABLE_OBJC_WEAK = YES;
				CLANG_WARN_BLOCK_CAPTURE_AUTORELEASING = YES;
				CLANG_WARN_BOOL_CONVERSION = YES;
				CLANG_WARN_COMMA = YES;
				CLANG_WARN_CONSTANT_CONVERSION = YES;
				CLANG_WARN_DEPRECATED_OBJC_IMPLEMENTATIONS = YES;
				CLANG_WARN_DIRECT_OBJC_ISA_USAGE = YES_ERROR;
				CLANG_WARN_DOCUMENTATION_COMMENTS = YES;
				CLANG_WARN_EMPTY_BODY = YES;
				CLANG_WARN_ENUM_CONVERSION = YES;
				CLANG_WARN_INFINITE_RECURSION = YES;
				CLANG_WARN_INT_CONVERSION = YES;
				CLANG_WARN_NON_LITERAL_NULL_CONVERSION = YES;
				CLANG_WARN_OBJC_IMPLICIT_RETAIN_SELF = YES;
				CLANG_WARN_OBJC_LITERAL_CONVERSION = YES;
				CLANG_WARN_OBJC_ROOT_CLASS = YES_ERROR;
				CLANG_WARN_QUOTED_INCLUDE_IN_FRAMEWORK_HEADER = YES;
				CLANG_WARN_RANGE_LOOP_ANALYSIS = YES;
				CLANG_WARN_STRICT_PROTOTYPES = YES;
				CLANG_WARN_SUSPICIOUS_MOVE = YES;
				CLANG_WARN_UNGUARDED_AVAILABILITY = YES_AGGRESSIVE;
				CLANG_WARN_UNREACHABLE_CODE = YES;
				CLANG_WARN__DUPLICATE_METHOD_MATCH = YES;
				COPY_PHASE_STRIP = NO;
				DEBUG_INFORMATION_FORMAT = dwarf;
				ENABLE_STRICT_OBJC_MSGSEND = YES;
				ENABLE_TESTABILITY = YES;
				ENABLE_USER_SCRIPT_SANDBOXING = NO;
				GCC_C_LANGUAGE_STANDARD = gnu17;
				GCC_DYNAMIC_NO_PIC = NO;
				GCC_NO_COMMON_BLOCKS = YES;
				GCC_OPTIMIZATION_LEVEL = 0;
				GCC_PREPROCESSOR_DEFINITIONS = (
					"DEBUG=1",
					"$(inherited)",
				);
				GCC_WARN_64_TO_32_BIT_CONVERSION = YES;
				GCC_WARN_ABOUT_RETURN_TYPE = YES_ERROR;
				GCC_WARN_UNDECLARED_SELECTOR = YES;
				GCC_WARN_UNINITIALIZED_AUTOS = YES_AGGRESSIVE;
				GCC_WARN_UNUSED_FUNCTION = YES;
				GCC_WARN_UNUSED_VARIABLE = YES;
				IPHONEOS_DEPLOYMENT_TARGET = 15.0;
				LOCALIZATION_PREFERS_STRING_CATALOGS = YES;
				MTL_ENABLE_DEBUG_INFO = INCLUDE_SOURCE;
				MTL_FAST_MATH = YES;
				ONLY_ACTIVE_ARCH = YES;
				SDKROOT = iphoneos;
				SWIFT_ACTIVE_COMPILATION_CONDITIONS = "DEBUG $(inherited)";
				SWIFT_OPTIMIZATION_LEVEL = "-Onone";
			};
			name = Debug;
		};
		BE35245D2B02ABA300746581 /* Release */ = {
			isa = XCBuildConfiguration;
			buildSettings = {
				ALWAYS_SEARCH_USER_PATHS = NO;
				ASSETCATALOG_COMPILER_GENERATE_SWIFT_ASSET_SYMBOL_EXTENSIONS = YES;
				CLANG_ANALYZER_LOCALIZABILITY_NONLOCALIZED = YES;
				CLANG_ANALYZER_NONNULL = YES;
				CLANG_ANALYZER_NUMBER_OBJECT_CONVERSION = YES_AGGRESSIVE;
				CLANG_CXX_LANGUAGE_STANDARD = "gnu++20";
				CLANG_ENABLE_MODULES = YES;
				CLANG_ENABLE_OBJC_ARC = YES;
				CLANG_ENABLE_OBJC_WEAK = YES;
				CLANG_WARN_BLOCK_CAPTURE_AUTORELEASING = YES;
				CLANG_WARN_BOOL_CONVERSION = YES;
				CLANG_WARN_COMMA = YES;
				CLANG_WARN_CONSTANT_CONVERSION = YES;
				CLANG_WARN_DEPRECATED_OBJC_IMPLEMENTATIONS = YES;
				CLANG_WARN_DIRECT_OBJC_ISA_USAGE = YES_ERROR;
				CLANG_WARN_DOCUMENTATION_COMMENTS = YES;
				CLANG_WARN_EMPTY_BODY = YES;
				CLANG_WARN_ENUM_CONVERSION = YES;
				CLANG_WARN_INFINITE_RECURSION = YES;
				CLANG_WARN_INT_CONVERSION = YES;
				CLANG_WARN_NON_LITERAL_NULL_CONVERSION = YES;
				CLANG_WARN_OBJC_IMPLICIT_RETAIN_SELF = YES;
				CLANG_WARN_OBJC_LITERAL_CONVERSION = YES;
				CLANG_WARN_OBJC_ROOT_CLASS = YES_ERROR;
				CLANG_WARN_QUOTED_INCLUDE_IN_FRAMEWORK_HEADER = YES;
				CLANG_WARN_RANGE_LOOP_ANALYSIS = YES;
				CLANG_WARN_STRICT_PROTOTYPES = YES;
				CLANG_WARN_SUSPICIOUS_MOVE = YES;
				CLANG_WARN_UNGUARDED_AVAILABILITY = YES_AGGRESSIVE;
				CLANG_WARN_UNREACHABLE_CODE = YES;
				CLANG_WARN__DUPLICATE_METHOD_MATCH = YES;
				COPY_PHASE_STRIP = NO;
				DEBUG_INFORMATION_FORMAT = "dwarf-with-dsym";
				ENABLE_NS_ASSERTIONS = NO;
				ENABLE_STRICT_OBJC_MSGSEND = YES;
				ENABLE_USER_SCRIPT_SANDBOXING = NO;
				GCC_C_LANGUAGE_STANDARD = gnu17;
				GCC_NO_COMMON_BLOCKS = YES;
				GCC_WARN_64_TO_32_BIT_CONVERSION = YES;
				GCC_WARN_ABOUT_RETURN_TYPE = YES_ERROR;
				GCC_WARN_UNDECLARED_SELECTOR = YES;
				GCC_WARN_UNINITIALIZED_AUTOS = YES_AGGRESSIVE;
				GCC_WARN_UNUSED_FUNCTION = YES;
				GCC_WARN_UNUSED_VARIABLE = YES;
				IPHONEOS_DEPLOYMENT_TARGET = 15.0;
				LOCALIZATION_PREFERS_STRING_CATALOGS = YES;
				MTL_ENABLE_DEBUG_INFO = NO;
				MTL_FAST_MATH = YES;
				SDKROOT = iphoneos;
				SWIFT_COMPILATION_MODE = wholemodule;
				VALIDATE_PRODUCT = YES;
			};
			name = Release;
		};
		BE35245F2B02ABA300746581 /* Debug */ = {
			isa = XCBuildConfiguration;
			buildSettings = {
				ASSETCATALOG_COMPILER_APPICON_NAME = AppIcon;
				ASSETCATALOG_COMPILER_GLOBAL_ACCENT_COLOR_NAME = AccentColor;
				CODE_SIGN_STYLE = Automatic;
				CURRENT_PROJECT_VERSION = 1;
				DEVELOPMENT_TEAM = 3YZWNV863X;
				GENERATE_INFOPLIST_FILE = YES;
				INFOPLIST_FILE = DiscountsAndPromotionsApp/Configuration/Info.plist;
				INFOPLIST_KEY_UIApplicationSupportsIndirectInputEvents = YES;
				INFOPLIST_KEY_UILaunchStoryboardName = LaunchScreen;
				INFOPLIST_KEY_UISupportedInterfaceOrientations = UIInterfaceOrientationPortrait;
				INFOPLIST_KEY_UISupportedInterfaceOrientations_iPad = "UIInterfaceOrientationLandscapeLeft UIInterfaceOrientationLandscapeRight UIInterfaceOrientationPortrait UIInterfaceOrientationPortraitUpsideDown";
				LD_RUNPATH_SEARCH_PATHS = (
					"$(inherited)",
					"@executable_path/Frameworks",
				);
				MARKETING_VERSION = 1.0;
				PRODUCT_BUNDLE_IDENTIFIER = DreamTeam.DiscountsAndPromotionsApp;
				PRODUCT_NAME = "$(TARGET_NAME)";
				SUPPORTED_PLATFORMS = "iphoneos iphonesimulator";
				SUPPORTS_MACCATALYST = NO;
				SUPPORTS_MAC_DESIGNED_FOR_IPHONE_IPAD = NO;
				SWIFT_EMIT_LOC_STRINGS = YES;
				SWIFT_VERSION = 5.0;
				TARGETED_DEVICE_FAMILY = 1;
			};
			name = Debug;
		};
		BE3524602B02ABA300746581 /* Release */ = {
			isa = XCBuildConfiguration;
			buildSettings = {
				ASSETCATALOG_COMPILER_APPICON_NAME = AppIcon;
				ASSETCATALOG_COMPILER_GLOBAL_ACCENT_COLOR_NAME = AccentColor;
				CODE_SIGN_STYLE = Automatic;
				CURRENT_PROJECT_VERSION = 1;
				DEVELOPMENT_TEAM = 3YZWNV863X;
				GENERATE_INFOPLIST_FILE = YES;
				INFOPLIST_FILE = DiscountsAndPromotionsApp/Configuration/Info.plist;
				INFOPLIST_KEY_UIApplicationSupportsIndirectInputEvents = YES;
				INFOPLIST_KEY_UILaunchStoryboardName = LaunchScreen;
				INFOPLIST_KEY_UISupportedInterfaceOrientations = UIInterfaceOrientationPortrait;
				INFOPLIST_KEY_UISupportedInterfaceOrientations_iPad = "UIInterfaceOrientationLandscapeLeft UIInterfaceOrientationLandscapeRight UIInterfaceOrientationPortrait UIInterfaceOrientationPortraitUpsideDown";
				LD_RUNPATH_SEARCH_PATHS = (
					"$(inherited)",
					"@executable_path/Frameworks",
				);
				MARKETING_VERSION = 1.0;
				PRODUCT_BUNDLE_IDENTIFIER = DreamTeam.DiscountsAndPromotionsApp;
				PRODUCT_NAME = "$(TARGET_NAME)";
				SUPPORTED_PLATFORMS = "iphoneos iphonesimulator";
				SUPPORTS_MACCATALYST = NO;
				SUPPORTS_MAC_DESIGNED_FOR_IPHONE_IPAD = NO;
				SWIFT_EMIT_LOC_STRINGS = YES;
				SWIFT_VERSION = 5.0;
				TARGETED_DEVICE_FAMILY = 1;
			};
			name = Release;
		};
/* End XCBuildConfiguration section */

/* Begin XCConfigurationList section */
		BE3524452B02ABA200746581 /* Build configuration list for PBXProject "DiscountsAndPromotionsApp" */ = {
			isa = XCConfigurationList;
			buildConfigurations = (
				BE35245C2B02ABA300746581 /* Debug */,
				BE35245D2B02ABA300746581 /* Release */,
			);
			defaultConfigurationIsVisible = 0;
			defaultConfigurationName = Release;
		};
		BE35245E2B02ABA300746581 /* Build configuration list for PBXNativeTarget "DiscountsAndPromotionsApp" */ = {
			isa = XCConfigurationList;
			buildConfigurations = (
				BE35245F2B02ABA300746581 /* Debug */,
				BE3524602B02ABA300746581 /* Release */,
			);
			defaultConfigurationIsVisible = 0;
			defaultConfigurationName = Release;
		};
/* End XCConfigurationList section */

/* Begin XCRemoteSwiftPackageReference section */
		BE3524812B02B92A00746581 /* XCRemoteSwiftPackageReference "SnapKit" */ = {
			isa = XCRemoteSwiftPackageReference;
			repositoryURL = "https://github.com/SnapKit/SnapKit";
			requirement = {
				kind = upToNextMajorVersion;
				minimumVersion = 5.6.0;
			};
		};
/* End XCRemoteSwiftPackageReference section */

/* Begin XCSwiftPackageProductDependency section */
		BE3524822B02B92A00746581 /* SnapKit */ = {
			isa = XCSwiftPackageProductDependency;
			package = BE3524812B02B92A00746581 /* XCRemoteSwiftPackageReference "SnapKit" */;
			productName = SnapKit;
		};
		BE3524842B02B92A00746581 /* SnapKit-Dynamic */ = {
			isa = XCSwiftPackageProductDependency;
			package = BE3524812B02B92A00746581 /* XCRemoteSwiftPackageReference "SnapKit" */;
			productName = "SnapKit-Dynamic";
		};
/* End XCSwiftPackageProductDependency section */
	};
	rootObject = BE3524422B02ABA200746581 /* Project object */;
}
