// !$*UTF8*$!
{
	archiveVersion = 1;
	classes = {
	};
	objectVersion = 56;
	objects = {

/* Begin PBXBuildFile section */
		BC05456A2B1D0866008D65A3 /* CustomSegmantedControl.swift in Sources */ = {isa = PBXBuildFile; fileRef = BC0545692B1D0865008D65A3 /* CustomSegmantedControl.swift */; };
		BC05456C2B1D0A33008D65A3 /* UISegmentedControl+Extensions.swift in Sources */ = {isa = PBXBuildFile; fileRef = BC05456B2B1D0A33008D65A3 /* UISegmentedControl+Extensions.swift */; };
		BC05456F2B1D264C008D65A3 /* SearchCategoryCell.swift in Sources */ = {isa = PBXBuildFile; fileRef = BC05456E2B1D264C008D65A3 /* SearchCategoryCell.swift */; };
		BC0545722B1D274D008D65A3 /* SearchCaterory.swift in Sources */ = {isa = PBXBuildFile; fileRef = BC0545712B1D274D008D65A3 /* SearchCaterory.swift */; };
		BC0723122B1A4E5300EF82B8 /* Gradients.swift in Sources */ = {isa = PBXBuildFile; fileRef = BC0723112B1A4E5300EF82B8 /* Gradients.swift */; };
		BC0723172B1A589400EF82B8 /* Manrope-Bold.ttf in Resources */ = {isa = PBXBuildFile; fileRef = BC0723142B1A588E00EF82B8 /* Manrope-Bold.ttf */; };
		BC0723182B1A589800EF82B8 /* Manrope-Regular.ttf in Resources */ = {isa = PBXBuildFile; fileRef = BC0723152B1A588E00EF82B8 /* Manrope-Regular.ttf */; };
		BC0723192B1A589A00EF82B8 /* Manrope-SemiBold.ttf in Resources */ = {isa = PBXBuildFile; fileRef = BC0723162B1A588E00EF82B8 /* Manrope-SemiBold.ttf */; };
		BC07231B2B1A6A5C00EF82B8 /* SecondaryButton.swift in Sources */ = {isa = PBXBuildFile; fileRef = BC07231A2B1A6A5C00EF82B8 /* SecondaryButton.swift */; };
		BC50097A2B18B0A200385381 /* CornerRadius.swift in Sources */ = {isa = PBXBuildFile; fileRef = BC5009792B18B0A200385381 /* CornerRadius.swift */; };
		BC6045FB2B1D9CA700536EB3 /* SearchResultsViewController.swift in Sources */ = {isa = PBXBuildFile; fileRef = BC6045FA2B1D9CA700536EB3 /* SearchResultsViewController.swift */; };
		BC6045FD2B1E3B2E00536EB3 /* PromotionVisualsService.swift in Sources */ = {isa = PBXBuildFile; fileRef = BC6045FC2B1E3B2E00536EB3 /* PromotionVisualsService.swift */; };
		BC6045FF2B1E3B3900536EB3 /* SectionBackgroundView.swift in Sources */ = {isa = PBXBuildFile; fileRef = BC6045FE2B1E3B3900536EB3 /* SectionBackgroundView.swift */; };
		BC6046012B1E3B7400536EB3 /* Promotion.swift in Sources */ = {isa = PBXBuildFile; fileRef = BC6046002B1E3B7400536EB3 /* Promotion.swift */; };
		BC6046032B1E3C7400536EB3 /* CategoryUIModel.swift in Sources */ = {isa = PBXBuildFile; fileRef = BC6046022B1E3C7400536EB3 /* CategoryUIModel.swift */; };
		BC6046052B1E3C9E00536EB3 /* CategoryCell.swift in Sources */ = {isa = PBXBuildFile; fileRef = BC6046042B1E3C9E00536EB3 /* CategoryCell.swift */; };
		BC6046072B1E3CA500536EB3 /* FooterView.swift in Sources */ = {isa = PBXBuildFile; fileRef = BC6046062B1E3CA500536EB3 /* FooterView.swift */; };
		BC6046092B1E3CAB00536EB3 /* HeaderView.swift in Sources */ = {isa = PBXBuildFile; fileRef = BC6046082B1E3CAB00536EB3 /* HeaderView.swift */; };
		BC60460E2B1E4B5900536EB3 /* UIColor+Extension.swift in Sources */ = {isa = PBXBuildFile; fileRef = BC60460D2B1E4B5900536EB3 /* UIColor+Extension.swift */; };
		BC60461B2B1E4B7900536EB3 /* ProfileModel.swift in Sources */ = {isa = PBXBuildFile; fileRef = BC6046112B1E4B7900536EB3 /* ProfileModel.swift */; };
		BC60461C2B1E4B7900536EB3 /* EditProfileView.swift in Sources */ = {isa = PBXBuildFile; fileRef = BC6046142B1E4B7900536EB3 /* EditProfileView.swift */; };
		BC60461D2B1E4B7900536EB3 /* EditProfileViewController.swift in Sources */ = {isa = PBXBuildFile; fileRef = BC6046152B1E4B7900536EB3 /* EditProfileViewController.swift */; };
		BC60461E2B1E4B7900536EB3 /* ProfileView.swift in Sources */ = {isa = PBXBuildFile; fileRef = BC6046172B1E4B7900536EB3 /* ProfileView.swift */; };
		BC60461F2B1E4B7900536EB3 /* ProfileAssetButton.swift in Sources */ = {isa = PBXBuildFile; fileRef = BC6046182B1E4B7900536EB3 /* ProfileAssetButton.swift */; };
		BC6046202B1E4B7900536EB3 /* ProfileViewController.swift in Sources */ = {isa = PBXBuildFile; fileRef = BC6046192B1E4B7900536EB3 /* ProfileViewController.swift */; };
		BC6046212B1E4B7900536EB3 /* ProfileViewModel.swift in Sources */ = {isa = PBXBuildFile; fileRef = BC60461A2B1E4B7900536EB3 /* ProfileViewModel.swift */; };
		BC6046232B1E4BC600536EB3 /* TextField.swift in Sources */ = {isa = PBXBuildFile; fileRef = BC6046222B1E4BC600536EB3 /* TextField.swift */; };
		BC6046252B1E4C0100536EB3 /* Date+Extension.swift in Sources */ = {isa = PBXBuildFile; fileRef = BC6046242B1E4C0100536EB3 /* Date+Extension.swift */; };
		BC93BB692B0BC313008BE2AD /* ScanFlowCoordinator.swift in Sources */ = {isa = PBXBuildFile; fileRef = BC93BB682B0BC313008BE2AD /* ScanFlowCoordinator.swift */; };
		BC93BB6B2B0BCBF1008BE2AD /* StringBarcodeExtension.swift in Sources */ = {isa = PBXBuildFile; fileRef = BC93BB6A2B0BCBF1008BE2AD /* StringBarcodeExtension.swift */; };
		BC93BB722B0C814F008BE2AD /* PrimaryButton.swift in Sources */ = {isa = PBXBuildFile; fileRef = BC93BB712B0C814F008BE2AD /* PrimaryButton.swift */; };
		BC93BB742B0C8166008BE2AD /* ScannerNavButton.swift in Sources */ = {isa = PBXBuildFile; fileRef = BC93BB732B0C8166008BE2AD /* ScannerNavButton.swift */; };
		BCB7F91E2B0C89B500EE20A0 /* ScanFlow.xcstrings in Resources */ = {isa = PBXBuildFile; fileRef = BCB7F91D2B0C89B500EE20A0 /* ScanFlow.xcstrings */; };
		BCB7F9202B0D150700EE20A0 /* UITextFieldExtensions.swift in Sources */ = {isa = PBXBuildFile; fileRef = BCB7F91F2B0D150700EE20A0 /* UITextFieldExtensions.swift */; };
		BCB7F9242B0D255600EE20A0 /* UIImage+Extensions.swift in Sources */ = {isa = PBXBuildFile; fileRef = BCB7F9232B0D255600EE20A0 /* UIImage+Extensions.swift */; };
		BCCF4FFC2B1B4AF10067A552 /* ImageGalleryCell.swift in Sources */ = {isa = PBXBuildFile; fileRef = BCCF4FC22B1B4AF10067A552 /* ImageGalleryCell.swift */; };
		BCCF4FFD2B1B4AF10067A552 /* ProductTitleCell.swift in Sources */ = {isa = PBXBuildFile; fileRef = BCCF4FC32B1B4AF10067A552 /* ProductTitleCell.swift */; };
		BCCF4FFF2B1B4AF10067A552 /* MainViewModel.swift in Sources */ = {isa = PBXBuildFile; fileRef = BCCF4FC62B1B4AF10067A552 /* MainViewModel.swift */; };
		BCCF50002B1B4AF10067A552 /* MainViewModelProtocol.swift in Sources */ = {isa = PBXBuildFile; fileRef = BCCF4FC72B1B4AF10067A552 /* MainViewModelProtocol.swift */; };
		BCCF50012B1B4AF10067A552 /* StoreUIModel.swift in Sources */ = {isa = PBXBuildFile; fileRef = BCCF4FCA2B1B4AF10067A552 /* StoreUIModel.swift */; };
		BCCF50022B1B4AF10067A552 /* MainScreenSections.swift in Sources */ = {isa = PBXBuildFile; fileRef = BCCF4FCB2B1B4AF10067A552 /* MainScreenSections.swift */; };
		BCCF50032B1B4AF10067A552 /* PromotionUIModel.swift in Sources */ = {isa = PBXBuildFile; fileRef = BCCF4FCC2B1B4AF10067A552 /* PromotionUIModel.swift */; };
		BCCF50042B1B4AF10067A552 /* MainViewController.swift in Sources */ = {isa = PBXBuildFile; fileRef = BCCF4FCE2B1B4AF10067A552 /* MainViewController.swift */; };
		BCCF50052B1B4AF10067A552 /* StoresCell.swift in Sources */ = {isa = PBXBuildFile; fileRef = BCCF4FCF2B1B4AF10067A552 /* StoresCell.swift */; };
		BCCF50062B1B4AF10067A552 /* PromotionCell.swift in Sources */ = {isa = PBXBuildFile; fileRef = BCCF4FD02B1B4AF10067A552 /* PromotionCell.swift */; };
		BCCF50092B1B4AF10067A552 /* SearchViewController.swift in Sources */ = {isa = PBXBuildFile; fileRef = BCCF4FD42B1B4AF10067A552 /* SearchViewController.swift */; };
		BCCF500A2B1B4AF10067A552 /* ScanViewModel.swift in Sources */ = {isa = PBXBuildFile; fileRef = BCCF4FD62B1B4AF10067A552 /* ScanViewModel.swift */; };
		BCCF500B2B1B4AF10067A552 /* ScanCaptureSessionController.swift in Sources */ = {isa = PBXBuildFile; fileRef = BCCF4FD72B1B4AF10067A552 /* ScanCaptureSessionController.swift */; };
		BCCF500C2B1B4AF10067A552 /* ScanFrameView.swift in Sources */ = {isa = PBXBuildFile; fileRef = BCCF4FD92B1B4AF10067A552 /* ScanFrameView.swift */; };
		BCCF500D2B1B4AF10067A552 /* ScanViewController.swift in Sources */ = {isa = PBXBuildFile; fileRef = BCCF4FDA2B1B4AF10067A552 /* ScanViewController.swift */; };
		BCCF500E2B1B4AF10067A552 /* CategoryViewModel.swift in Sources */ = {isa = PBXBuildFile; fileRef = BCCF4FDD2B1B4AF10067A552 /* CategoryViewModel.swift */; };
		BCCF500F2B1B4AF10067A552 /* CategoryViewModelProtocol.swift in Sources */ = {isa = PBXBuildFile; fileRef = BCCF4FDE2B1B4AF10067A552 /* CategoryViewModelProtocol.swift */; };
		BCCF50102B1B4AF10067A552 /* ProductCellUIModel.swift in Sources */ = {isa = PBXBuildFile; fileRef = BCCF4FE02B1B4AF10067A552 /* ProductCellUIModel.swift */; };
		BCCF50112B1B4AF10067A552 /* ProductCell.swift in Sources */ = {isa = PBXBuildFile; fileRef = BCCF4FE22B1B4AF10067A552 /* ProductCell.swift */; };
		BCCF50122B1B4AF10067A552 /* CategoryViewController.swift in Sources */ = {isa = PBXBuildFile; fileRef = BCCF4FE32B1B4AF10067A552 /* CategoryViewController.swift */; };
		BCCF50132B1B4AF10067A552 /* ScannerEnabledViewController.swift in Sources */ = {isa = PBXBuildFile; fileRef = BCCF4FE52B1B4AF10067A552 /* ScannerEnabledViewController.swift */; };
		BCCF50142B1B4AF10067A552 /* GenericNavigationController.swift in Sources */ = {isa = PBXBuildFile; fileRef = BCCF4FE62B1B4AF10067A552 /* GenericNavigationController.swift */; };
		BCCF50152B1B4AF10067A552 /* SearchEnabledViewController.swift in Sources */ = {isa = PBXBuildFile; fileRef = BCCF4FE72B1B4AF10067A552 /* SearchEnabledViewController.swift */; };
		BCCF50172B1B4AF10067A552 /* FavoritesViewModel.swift in Sources */ = {isa = PBXBuildFile; fileRef = BCCF4FEB2B1B4AF10067A552 /* FavoritesViewModel.swift */; };
		BCCF50182B1B4AF10067A552 /* FavoritesViewModelProtocol.swift in Sources */ = {isa = PBXBuildFile; fileRef = BCCF4FEC2B1B4AF10067A552 /* FavoritesViewModelProtocol.swift */; };
		BCCF50192B1B4AF10067A552 /* FavoritesViewController.swift in Sources */ = {isa = PBXBuildFile; fileRef = BCCF4FEE2B1B4AF10067A552 /* FavoritesViewController.swift */; };
		BCCF501A2B1B4AF10067A552 /* RatingViewViewModel .swift in Sources */ = {isa = PBXBuildFile; fileRef = BCCF4FF12B1B4AF10067A552 /* RatingViewViewModel .swift */; };
		BCCF501B2B1B4AF10067A552 /* ProductReviewViewModel.swift in Sources */ = {isa = PBXBuildFile; fileRef = BCCF4FF22B1B4AF10067A552 /* ProductReviewViewModel.swift */; };
		BCCF501C2B1B4AF10067A552 /* PriceInfoViewModel.swift in Sources */ = {isa = PBXBuildFile; fileRef = BCCF4FF32B1B4AF10067A552 /* PriceInfoViewModel.swift */; };
		BCCF501E2B1B4AF10067A552 /* ProductReviewView.swift in Sources */ = {isa = PBXBuildFile; fileRef = BCCF4FF62B1B4AF10067A552 /* ProductReviewView.swift */; };
		BCCF501F2B1B4AF10067A552 /* PriceInfoView.swift in Sources */ = {isa = PBXBuildFile; fileRef = BCCF4FF72B1B4AF10067A552 /* PriceInfoView.swift */; };
		BCCF50202B1B4AF10067A552 /* OfferCell.swift in Sources */ = {isa = PBXBuildFile; fileRef = BCCF4FF82B1B4AF10067A552 /* OfferCell.swift */; };
		BCCF50212B1B4AF10067A552 /* RatingView.swift in Sources */ = {isa = PBXBuildFile; fileRef = BCCF4FF92B1B4AF10067A552 /* RatingView.swift */; };
		BCCF50222B1B4AF10067A552 /* ProductTitleView.swift in Sources */ = {isa = PBXBuildFile; fileRef = BCCF4FFA2B1B4AF10067A552 /* ProductTitleView.swift */; };
		BCCF50232B1B4AF10067A552 /* ImageGalleryView.swift in Sources */ = {isa = PBXBuildFile; fileRef = BCCF4FFB2B1B4AF10067A552 /* ImageGalleryView.swift */; };
		BCCF50252B1B4D390067A552 /* ProductCardViewController.swift in Sources */ = {isa = PBXBuildFile; fileRef = BCCF50242B1B4D390067A552 /* ProductCardViewController.swift */; };
		BCCF50272B1B4E090067A552 /* UIButton+Extension.swift in Sources */ = {isa = PBXBuildFile; fileRef = BCCF50262B1B4E090067A552 /* UIButton+Extension.swift */; };
		BCCF50292B1B4E4C0067A552 /* UITextView+Extension.swift in Sources */ = {isa = PBXBuildFile; fileRef = BCCF50282B1B4E4C0067A552 /* UITextView+Extension.swift */; };
		BE2774BC2B0FD0890000C8C2 /* MainFlow.xcstrings in Resources */ = {isa = PBXBuildFile; fileRef = BE2774BB2B0FD0890000C8C2 /* MainFlow.xcstrings */; };
		BE35244E2B02ABA200746581 /* AppDelegate.swift in Sources */ = {isa = PBXBuildFile; fileRef = BE35244D2B02ABA200746581 /* AppDelegate.swift */; };
		BE3524502B02ABA200746581 /* SceneDelegate.swift in Sources */ = {isa = PBXBuildFile; fileRef = BE35244F2B02ABA200746581 /* SceneDelegate.swift */; };
		BE3524572B02ABA300746581 /* Assets.xcassets in Resources */ = {isa = PBXBuildFile; fileRef = BE3524562B02ABA300746581 /* Assets.xcassets */; };
		BE35245A2B02ABA300746581 /* LaunchScreen.storyboard in Resources */ = {isa = PBXBuildFile; fileRef = BE3524582B02ABA300746581 /* LaunchScreen.storyboard */; };
		BE3524692B02B27A00746581 /* Fonts.swift in Sources */ = {isa = PBXBuildFile; fileRef = BE3524682B02B27A00746581 /* Fonts.swift */; };
		BE3524762B02B62B00746581 /* MainCoordinator.swift in Sources */ = {isa = PBXBuildFile; fileRef = BE3524752B02B62B00746581 /* MainCoordinator.swift */; };
		BE3524832B02B92A00746581 /* SnapKit in Frameworks */ = {isa = PBXBuildFile; productRef = BE3524822B02B92A00746581 /* SnapKit */; };
		BE521A822B04DEB3005F2FE7 /* MainTabBarController.swift in Sources */ = {isa = PBXBuildFile; fileRef = BE521A812B04DEB3005F2FE7 /* MainTabBarController.swift */; };
		BE521A8F2B04DF5D005F2FE7 /* MockDataService.swift in Sources */ = {isa = PBXBuildFile; fileRef = BE521A8E2B04DF5D005F2FE7 /* MockDataService.swift */; };
		BE8E709D2B0D275300BEAA5A /* CollectionLayoutProvider.swift in Sources */ = {isa = PBXBuildFile; fileRef = BE8E709C2B0D275300BEAA5A /* CollectionLayoutProvider.swift */; };
		BE8E70B02B0E250100BEAA5A /* Double+Extension.swift in Sources */ = {isa = PBXBuildFile; fileRef = BE8E70AF2B0E250100BEAA5A /* Double+Extension.swift */; };
		BE8E70B22B0E558300BEAA5A /* FavoritesScreenCoordinator.swift in Sources */ = {isa = PBXBuildFile; fileRef = BE8E70B12B0E558300BEAA5A /* FavoritesScreenCoordinator.swift */; };
		BE8E70B42B0E74F600BEAA5A /* ProfileScreenCoordinator.swift in Sources */ = {isa = PBXBuildFile; fileRef = BE8E70B32B0E74F600BEAA5A /* ProfileScreenCoordinator.swift */; };
		BEAE80472B178E88004DAE32 /* FavoritesFlow.xcstrings in Resources */ = {isa = PBXBuildFile; fileRef = BEAE80462B178E88004DAE32 /* FavoritesFlow.xcstrings */; };
		BEBA916C2B0A9D0000C2DE96 /* Coordinator.swift in Sources */ = {isa = PBXBuildFile; fileRef = BEBA916B2B0A9D0000C2DE96 /* Coordinator.swift */; };
		BEBA916E2B0A9F9500C2DE96 /* ProductModels.swift in Sources */ = {isa = PBXBuildFile; fileRef = BEBA916D2B0A9F9500C2DE96 /* ProductModels.swift */; };
		BEBA91712B0AA7F800C2DE96 /* MainScreenCoordinator.swift in Sources */ = {isa = PBXBuildFile; fileRef = BEBA91702B0AA7F800C2DE96 /* MainScreenCoordinator.swift */; };
		BEBA94482B137B7E00ABE1AD /* DataServiceProtocol.swift in Sources */ = {isa = PBXBuildFile; fileRef = BEBA94472B137B7E00ABE1AD /* DataServiceProtocol.swift */; };
		BEBA944D2B14D93800ABE1AD /* ErrorHandler.swift in Sources */ = {isa = PBXBuildFile; fileRef = BEBA944C2B14D93800ABE1AD /* ErrorHandler.swift */; };
		BEBA944F2B14E1DC00ABE1AD /* ErrorHandler.xcstrings in Resources */ = {isa = PBXBuildFile; fileRef = BEBA944E2B14E1DC00ABE1AD /* ErrorHandler.xcstrings */; };
		BEBA94512B14E4B900ABE1AD /* UIViewController+Extension.swift in Sources */ = {isa = PBXBuildFile; fileRef = BEBA94502B14E4B900ABE1AD /* UIViewController+Extension.swift */; };
		BEF503B22B15262F00577D7F /* Profile.swift in Sources */ = {isa = PBXBuildFile; fileRef = BEF503B12B15262F00577D7F /* Profile.swift */; };
		BEF503B42B15287F00577D7F /* MockProfileService.swift in Sources */ = {isa = PBXBuildFile; fileRef = BEF503B32B15287F00577D7F /* MockProfileService.swift */; };
		BEF503B62B15288C00577D7F /* ProfileServiceProtocol.swift in Sources */ = {isa = PBXBuildFile; fileRef = BEF503B52B15288C00577D7F /* ProfileServiceProtocol.swift */; };
/* End PBXBuildFile section */

/* Begin PBXCopyFilesBuildPhase section */
		BC9B4D5D2B0B45310045B6E0 /* Embed Frameworks */ = {
			isa = PBXCopyFilesBuildPhase;
			buildActionMask = 2147483647;
			dstPath = "";
			dstSubfolderSpec = 10;
			files = (
			);
			name = "Embed Frameworks";
			runOnlyForDeploymentPostprocessing = 0;
		};
/* End PBXCopyFilesBuildPhase section */

/* Begin PBXFileReference section */
		BC0545692B1D0865008D65A3 /* CustomSegmantedControl.swift */ = {isa = PBXFileReference; lastKnownFileType = sourcecode.swift; path = CustomSegmantedControl.swift; sourceTree = "<group>"; };
		BC05456B2B1D0A33008D65A3 /* UISegmentedControl+Extensions.swift */ = {isa = PBXFileReference; lastKnownFileType = sourcecode.swift; path = "UISegmentedControl+Extensions.swift"; sourceTree = "<group>"; };
		BC05456E2B1D264C008D65A3 /* SearchCategoryCell.swift */ = {isa = PBXFileReference; lastKnownFileType = sourcecode.swift; path = SearchCategoryCell.swift; sourceTree = "<group>"; };
		BC0545712B1D274D008D65A3 /* SearchCaterory.swift */ = {isa = PBXFileReference; lastKnownFileType = sourcecode.swift; path = SearchCaterory.swift; sourceTree = "<group>"; };
		BC0723112B1A4E5300EF82B8 /* Gradients.swift */ = {isa = PBXFileReference; lastKnownFileType = sourcecode.swift; path = Gradients.swift; sourceTree = "<group>"; };
		BC0723142B1A588E00EF82B8 /* Manrope-Bold.ttf */ = {isa = PBXFileReference; lastKnownFileType = file; path = "Manrope-Bold.ttf"; sourceTree = "<group>"; };
		BC0723152B1A588E00EF82B8 /* Manrope-Regular.ttf */ = {isa = PBXFileReference; lastKnownFileType = file; path = "Manrope-Regular.ttf"; sourceTree = "<group>"; };
		BC0723162B1A588E00EF82B8 /* Manrope-SemiBold.ttf */ = {isa = PBXFileReference; lastKnownFileType = file; path = "Manrope-SemiBold.ttf"; sourceTree = "<group>"; };
		BC07231A2B1A6A5C00EF82B8 /* SecondaryButton.swift */ = {isa = PBXFileReference; lastKnownFileType = sourcecode.swift; path = SecondaryButton.swift; sourceTree = "<group>"; };
		BC5009792B18B0A200385381 /* CornerRadius.swift */ = {isa = PBXFileReference; fileEncoding = 4; lastKnownFileType = sourcecode.swift; path = CornerRadius.swift; sourceTree = "<group>"; };
		BC6045FA2B1D9CA700536EB3 /* SearchResultsViewController.swift */ = {isa = PBXFileReference; lastKnownFileType = sourcecode.swift; path = SearchResultsViewController.swift; sourceTree = "<group>"; };
		BC6045FC2B1E3B2E00536EB3 /* PromotionVisualsService.swift */ = {isa = PBXFileReference; fileEncoding = 4; lastKnownFileType = sourcecode.swift; path = PromotionVisualsService.swift; sourceTree = "<group>"; };
		BC6045FE2B1E3B3900536EB3 /* SectionBackgroundView.swift */ = {isa = PBXFileReference; fileEncoding = 4; lastKnownFileType = sourcecode.swift; path = SectionBackgroundView.swift; sourceTree = "<group>"; };
		BC6046002B1E3B7400536EB3 /* Promotion.swift */ = {isa = PBXFileReference; fileEncoding = 4; lastKnownFileType = sourcecode.swift; path = Promotion.swift; sourceTree = "<group>"; };
		BC6046022B1E3C7400536EB3 /* CategoryUIModel.swift */ = {isa = PBXFileReference; fileEncoding = 4; lastKnownFileType = sourcecode.swift; name = CategoryUIModel.swift; path = ../../CategoryScreen/Model/CategoryUIModel.swift; sourceTree = "<group>"; };
		BC6046042B1E3C9E00536EB3 /* CategoryCell.swift */ = {isa = PBXFileReference; fileEncoding = 4; lastKnownFileType = sourcecode.swift; path = CategoryCell.swift; sourceTree = "<group>"; };
		BC6046062B1E3CA500536EB3 /* FooterView.swift */ = {isa = PBXFileReference; fileEncoding = 4; lastKnownFileType = sourcecode.swift; path = FooterView.swift; sourceTree = "<group>"; };
		BC6046082B1E3CAB00536EB3 /* HeaderView.swift */ = {isa = PBXFileReference; fileEncoding = 4; lastKnownFileType = sourcecode.swift; path = HeaderView.swift; sourceTree = "<group>"; };
		BC60460D2B1E4B5900536EB3 /* UIColor+Extension.swift */ = {isa = PBXFileReference; fileEncoding = 4; lastKnownFileType = sourcecode.swift; path = "UIColor+Extension.swift"; sourceTree = "<group>"; };
		BC6046112B1E4B7900536EB3 /* ProfileModel.swift */ = {isa = PBXFileReference; fileEncoding = 4; lastKnownFileType = sourcecode.swift; path = ProfileModel.swift; sourceTree = "<group>"; };
		BC6046142B1E4B7900536EB3 /* EditProfileView.swift */ = {isa = PBXFileReference; fileEncoding = 4; lastKnownFileType = sourcecode.swift; path = EditProfileView.swift; sourceTree = "<group>"; };
		BC6046152B1E4B7900536EB3 /* EditProfileViewController.swift */ = {isa = PBXFileReference; fileEncoding = 4; lastKnownFileType = sourcecode.swift; path = EditProfileViewController.swift; sourceTree = "<group>"; };
		BC6046172B1E4B7900536EB3 /* ProfileView.swift */ = {isa = PBXFileReference; fileEncoding = 4; lastKnownFileType = sourcecode.swift; path = ProfileView.swift; sourceTree = "<group>"; };
		BC6046182B1E4B7900536EB3 /* ProfileAssetButton.swift */ = {isa = PBXFileReference; fileEncoding = 4; lastKnownFileType = sourcecode.swift; path = ProfileAssetButton.swift; sourceTree = "<group>"; };
		BC6046192B1E4B7900536EB3 /* ProfileViewController.swift */ = {isa = PBXFileReference; fileEncoding = 4; lastKnownFileType = sourcecode.swift; path = ProfileViewController.swift; sourceTree = "<group>"; };
		BC60461A2B1E4B7900536EB3 /* ProfileViewModel.swift */ = {isa = PBXFileReference; fileEncoding = 4; lastKnownFileType = sourcecode.swift; path = ProfileViewModel.swift; sourceTree = "<group>"; };
		BC6046222B1E4BC600536EB3 /* TextField.swift */ = {isa = PBXFileReference; fileEncoding = 4; lastKnownFileType = sourcecode.swift; name = TextField.swift; path = DiscountsAndPromotionsApp/DesignSystem/TextField.swift; sourceTree = SOURCE_ROOT; };
		BC6046242B1E4C0100536EB3 /* Date+Extension.swift */ = {isa = PBXFileReference; fileEncoding = 4; lastKnownFileType = sourcecode.swift; path = "Date+Extension.swift"; sourceTree = "<group>"; };
		BC93BB682B0BC313008BE2AD /* ScanFlowCoordinator.swift */ = {isa = PBXFileReference; lastKnownFileType = sourcecode.swift; path = ScanFlowCoordinator.swift; sourceTree = "<group>"; };
		BC93BB6A2B0BCBF1008BE2AD /* StringBarcodeExtension.swift */ = {isa = PBXFileReference; lastKnownFileType = sourcecode.swift; path = StringBarcodeExtension.swift; sourceTree = "<group>"; };
		BC93BB702B0BDA0A008BE2AD /* Info.plist */ = {isa = PBXFileReference; lastKnownFileType = text.plist.xml; path = Info.plist; sourceTree = "<group>"; };
		BC93BB712B0C814F008BE2AD /* PrimaryButton.swift */ = {isa = PBXFileReference; lastKnownFileType = sourcecode.swift; path = PrimaryButton.swift; sourceTree = "<group>"; };
		BC93BB732B0C8166008BE2AD /* ScannerNavButton.swift */ = {isa = PBXFileReference; lastKnownFileType = sourcecode.swift; path = ScannerNavButton.swift; sourceTree = "<group>"; };
		BCB7F91D2B0C89B500EE20A0 /* ScanFlow.xcstrings */ = {isa = PBXFileReference; lastKnownFileType = text.json.xcstrings; path = ScanFlow.xcstrings; sourceTree = "<group>"; };
		BCB7F91F2B0D150700EE20A0 /* UITextFieldExtensions.swift */ = {isa = PBXFileReference; lastKnownFileType = sourcecode.swift; path = UITextFieldExtensions.swift; sourceTree = "<group>"; };
		BCB7F9232B0D255600EE20A0 /* UIImage+Extensions.swift */ = {isa = PBXFileReference; lastKnownFileType = sourcecode.swift; path = "UIImage+Extensions.swift"; sourceTree = "<group>"; };
		BCCF4FC22B1B4AF10067A552 /* ImageGalleryCell.swift */ = {isa = PBXFileReference; fileEncoding = 4; lastKnownFileType = sourcecode.swift; path = ImageGalleryCell.swift; sourceTree = "<group>"; };
		BCCF4FC32B1B4AF10067A552 /* ProductTitleCell.swift */ = {isa = PBXFileReference; fileEncoding = 4; lastKnownFileType = sourcecode.swift; path = ProductTitleCell.swift; sourceTree = "<group>"; };
		BCCF4FC62B1B4AF10067A552 /* MainViewModel.swift */ = {isa = PBXFileReference; fileEncoding = 4; lastKnownFileType = sourcecode.swift; path = MainViewModel.swift; sourceTree = "<group>"; };
		BCCF4FC72B1B4AF10067A552 /* MainViewModelProtocol.swift */ = {isa = PBXFileReference; fileEncoding = 4; lastKnownFileType = sourcecode.swift; path = MainViewModelProtocol.swift; sourceTree = "<group>"; };
		BCCF4FCA2B1B4AF10067A552 /* StoreUIModel.swift */ = {isa = PBXFileReference; fileEncoding = 4; lastKnownFileType = sourcecode.swift; path = StoreUIModel.swift; sourceTree = "<group>"; };
		BCCF4FCB2B1B4AF10067A552 /* MainScreenSections.swift */ = {isa = PBXFileReference; fileEncoding = 4; lastKnownFileType = sourcecode.swift; path = MainScreenSections.swift; sourceTree = "<group>"; };
		BCCF4FCC2B1B4AF10067A552 /* PromotionUIModel.swift */ = {isa = PBXFileReference; fileEncoding = 4; lastKnownFileType = sourcecode.swift; path = PromotionUIModel.swift; sourceTree = "<group>"; };
		BCCF4FCE2B1B4AF10067A552 /* MainViewController.swift */ = {isa = PBXFileReference; fileEncoding = 4; lastKnownFileType = sourcecode.swift; path = MainViewController.swift; sourceTree = "<group>"; };
		BCCF4FCF2B1B4AF10067A552 /* StoresCell.swift */ = {isa = PBXFileReference; fileEncoding = 4; lastKnownFileType = sourcecode.swift; path = StoresCell.swift; sourceTree = "<group>"; };
		BCCF4FD02B1B4AF10067A552 /* PromotionCell.swift */ = {isa = PBXFileReference; fileEncoding = 4; lastKnownFileType = sourcecode.swift; path = PromotionCell.swift; sourceTree = "<group>"; };
		BCCF4FD42B1B4AF10067A552 /* SearchViewController.swift */ = {isa = PBXFileReference; fileEncoding = 4; lastKnownFileType = sourcecode.swift; path = SearchViewController.swift; sourceTree = "<group>"; };
		BCCF4FD62B1B4AF10067A552 /* ScanViewModel.swift */ = {isa = PBXFileReference; fileEncoding = 4; lastKnownFileType = sourcecode.swift; path = ScanViewModel.swift; sourceTree = "<group>"; };
		BCCF4FD72B1B4AF10067A552 /* ScanCaptureSessionController.swift */ = {isa = PBXFileReference; fileEncoding = 4; lastKnownFileType = sourcecode.swift; path = ScanCaptureSessionController.swift; sourceTree = "<group>"; };
		BCCF4FD92B1B4AF10067A552 /* ScanFrameView.swift */ = {isa = PBXFileReference; fileEncoding = 4; lastKnownFileType = sourcecode.swift; path = ScanFrameView.swift; sourceTree = "<group>"; };
		BCCF4FDA2B1B4AF10067A552 /* ScanViewController.swift */ = {isa = PBXFileReference; fileEncoding = 4; lastKnownFileType = sourcecode.swift; path = ScanViewController.swift; sourceTree = "<group>"; };
		BCCF4FDD2B1B4AF10067A552 /* CategoryViewModel.swift */ = {isa = PBXFileReference; fileEncoding = 4; lastKnownFileType = sourcecode.swift; path = CategoryViewModel.swift; sourceTree = "<group>"; };
		BCCF4FDE2B1B4AF10067A552 /* CategoryViewModelProtocol.swift */ = {isa = PBXFileReference; fileEncoding = 4; lastKnownFileType = sourcecode.swift; path = CategoryViewModelProtocol.swift; sourceTree = "<group>"; };
		BCCF4FE02B1B4AF10067A552 /* ProductCellUIModel.swift */ = {isa = PBXFileReference; fileEncoding = 4; lastKnownFileType = sourcecode.swift; path = ProductCellUIModel.swift; sourceTree = "<group>"; };
		BCCF4FE22B1B4AF10067A552 /* ProductCell.swift */ = {isa = PBXFileReference; fileEncoding = 4; lastKnownFileType = sourcecode.swift; path = ProductCell.swift; sourceTree = "<group>"; };
		BCCF4FE32B1B4AF10067A552 /* CategoryViewController.swift */ = {isa = PBXFileReference; fileEncoding = 4; lastKnownFileType = sourcecode.swift; path = CategoryViewController.swift; sourceTree = "<group>"; };
		BCCF4FE52B1B4AF10067A552 /* ScannerEnabledViewController.swift */ = {isa = PBXFileReference; fileEncoding = 4; lastKnownFileType = sourcecode.swift; path = ScannerEnabledViewController.swift; sourceTree = "<group>"; };
		BCCF4FE62B1B4AF10067A552 /* GenericNavigationController.swift */ = {isa = PBXFileReference; fileEncoding = 4; lastKnownFileType = sourcecode.swift; path = GenericNavigationController.swift; sourceTree = "<group>"; };
		BCCF4FE72B1B4AF10067A552 /* SearchEnabledViewController.swift */ = {isa = PBXFileReference; fileEncoding = 4; lastKnownFileType = sourcecode.swift; path = SearchEnabledViewController.swift; sourceTree = "<group>"; };
		BCCF4FEB2B1B4AF10067A552 /* FavoritesViewModel.swift */ = {isa = PBXFileReference; fileEncoding = 4; lastKnownFileType = sourcecode.swift; path = FavoritesViewModel.swift; sourceTree = "<group>"; };
		BCCF4FEC2B1B4AF10067A552 /* FavoritesViewModelProtocol.swift */ = {isa = PBXFileReference; fileEncoding = 4; lastKnownFileType = sourcecode.swift; path = FavoritesViewModelProtocol.swift; sourceTree = "<group>"; };
		BCCF4FEE2B1B4AF10067A552 /* FavoritesViewController.swift */ = {isa = PBXFileReference; fileEncoding = 4; lastKnownFileType = sourcecode.swift; path = FavoritesViewController.swift; sourceTree = "<group>"; };
		BCCF4FF12B1B4AF10067A552 /* RatingViewViewModel .swift */ = {isa = PBXFileReference; fileEncoding = 4; lastKnownFileType = sourcecode.swift; path = "RatingViewViewModel .swift"; sourceTree = "<group>"; };
		BCCF4FF22B1B4AF10067A552 /* ProductReviewViewModel.swift */ = {isa = PBXFileReference; fileEncoding = 4; lastKnownFileType = sourcecode.swift; path = ProductReviewViewModel.swift; sourceTree = "<group>"; };
		BCCF4FF32B1B4AF10067A552 /* PriceInfoViewModel.swift */ = {isa = PBXFileReference; fileEncoding = 4; lastKnownFileType = sourcecode.swift; path = PriceInfoViewModel.swift; sourceTree = "<group>"; };
		BCCF4FF62B1B4AF10067A552 /* ProductReviewView.swift */ = {isa = PBXFileReference; fileEncoding = 4; lastKnownFileType = sourcecode.swift; path = ProductReviewView.swift; sourceTree = "<group>"; };
		BCCF4FF72B1B4AF10067A552 /* PriceInfoView.swift */ = {isa = PBXFileReference; fileEncoding = 4; lastKnownFileType = sourcecode.swift; path = PriceInfoView.swift; sourceTree = "<group>"; };
		BCCF4FF82B1B4AF10067A552 /* OfferCell.swift */ = {isa = PBXFileReference; fileEncoding = 4; lastKnownFileType = sourcecode.swift; path = OfferCell.swift; sourceTree = "<group>"; };
		BCCF4FF92B1B4AF10067A552 /* RatingView.swift */ = {isa = PBXFileReference; fileEncoding = 4; lastKnownFileType = sourcecode.swift; path = RatingView.swift; sourceTree = "<group>"; };
		BCCF4FFA2B1B4AF10067A552 /* ProductTitleView.swift */ = {isa = PBXFileReference; fileEncoding = 4; lastKnownFileType = sourcecode.swift; path = ProductTitleView.swift; sourceTree = "<group>"; };
		BCCF4FFB2B1B4AF10067A552 /* ImageGalleryView.swift */ = {isa = PBXFileReference; fileEncoding = 4; lastKnownFileType = sourcecode.swift; path = ImageGalleryView.swift; sourceTree = "<group>"; };
		BCCF50242B1B4D390067A552 /* ProductCardViewController.swift */ = {isa = PBXFileReference; fileEncoding = 4; lastKnownFileType = sourcecode.swift; path = ProductCardViewController.swift; sourceTree = "<group>"; };
		BCCF50262B1B4E090067A552 /* UIButton+Extension.swift */ = {isa = PBXFileReference; fileEncoding = 4; lastKnownFileType = sourcecode.swift; path = "UIButton+Extension.swift"; sourceTree = "<group>"; };
		BCCF50282B1B4E4C0067A552 /* UITextView+Extension.swift */ = {isa = PBXFileReference; fileEncoding = 4; lastKnownFileType = sourcecode.swift; path = "UITextView+Extension.swift"; sourceTree = "<group>"; };
		BE2774BB2B0FD0890000C8C2 /* MainFlow.xcstrings */ = {isa = PBXFileReference; lastKnownFileType = text.json.xcstrings; path = MainFlow.xcstrings; sourceTree = "<group>"; };
		BE35244A2B02ABA200746581 /* DiscountsAndPromotionsApp.app */ = {isa = PBXFileReference; explicitFileType = wrapper.application; includeInIndex = 0; path = DiscountsAndPromotionsApp.app; sourceTree = BUILT_PRODUCTS_DIR; };
		BE35244D2B02ABA200746581 /* AppDelegate.swift */ = {isa = PBXFileReference; lastKnownFileType = sourcecode.swift; path = AppDelegate.swift; sourceTree = "<group>"; };
		BE35244F2B02ABA200746581 /* SceneDelegate.swift */ = {isa = PBXFileReference; lastKnownFileType = sourcecode.swift; path = SceneDelegate.swift; sourceTree = "<group>"; };
		BE3524562B02ABA300746581 /* Assets.xcassets */ = {isa = PBXFileReference; lastKnownFileType = folder.assetcatalog; path = Assets.xcassets; sourceTree = "<group>"; };
		BE3524592B02ABA300746581 /* Base */ = {isa = PBXFileReference; lastKnownFileType = file.storyboard; name = Base; path = Base.lproj/LaunchScreen.storyboard; sourceTree = "<group>"; };
		BE3524682B02B27A00746581 /* Fonts.swift */ = {isa = PBXFileReference; fileEncoding = 4; lastKnownFileType = sourcecode.swift; path = Fonts.swift; sourceTree = "<group>"; };
		BE3524752B02B62B00746581 /* MainCoordinator.swift */ = {isa = PBXFileReference; fileEncoding = 4; lastKnownFileType = sourcecode.swift; path = MainCoordinator.swift; sourceTree = "<group>"; };
		BE521A812B04DEB3005F2FE7 /* MainTabBarController.swift */ = {isa = PBXFileReference; fileEncoding = 4; lastKnownFileType = sourcecode.swift; path = MainTabBarController.swift; sourceTree = "<group>"; };
		BE521A8E2B04DF5D005F2FE7 /* MockDataService.swift */ = {isa = PBXFileReference; fileEncoding = 4; lastKnownFileType = sourcecode.swift; path = MockDataService.swift; sourceTree = "<group>"; };
		BE8E709C2B0D275300BEAA5A /* CollectionLayoutProvider.swift */ = {isa = PBXFileReference; lastKnownFileType = sourcecode.swift; path = CollectionLayoutProvider.swift; sourceTree = "<group>"; };
		BE8E70AF2B0E250100BEAA5A /* Double+Extension.swift */ = {isa = PBXFileReference; lastKnownFileType = sourcecode.swift; path = "Double+Extension.swift"; sourceTree = "<group>"; };
		BE8E70B12B0E558300BEAA5A /* FavoritesScreenCoordinator.swift */ = {isa = PBXFileReference; lastKnownFileType = sourcecode.swift; path = FavoritesScreenCoordinator.swift; sourceTree = "<group>"; };
		BE8E70B32B0E74F600BEAA5A /* ProfileScreenCoordinator.swift */ = {isa = PBXFileReference; lastKnownFileType = sourcecode.swift; path = ProfileScreenCoordinator.swift; sourceTree = "<group>"; };
		BEAE80462B178E88004DAE32 /* FavoritesFlow.xcstrings */ = {isa = PBXFileReference; lastKnownFileType = text.json.xcstrings; path = FavoritesFlow.xcstrings; sourceTree = "<group>"; };
		BEBA916B2B0A9D0000C2DE96 /* Coordinator.swift */ = {isa = PBXFileReference; lastKnownFileType = sourcecode.swift; path = Coordinator.swift; sourceTree = "<group>"; };
		BEBA916D2B0A9F9500C2DE96 /* ProductModels.swift */ = {isa = PBXFileReference; lastKnownFileType = sourcecode.swift; path = ProductModels.swift; sourceTree = "<group>"; };
		BEBA91702B0AA7F800C2DE96 /* MainScreenCoordinator.swift */ = {isa = PBXFileReference; lastKnownFileType = sourcecode.swift; path = MainScreenCoordinator.swift; sourceTree = "<group>"; };
		BEBA94472B137B7E00ABE1AD /* DataServiceProtocol.swift */ = {isa = PBXFileReference; lastKnownFileType = sourcecode.swift; path = DataServiceProtocol.swift; sourceTree = "<group>"; };
		BEBA944C2B14D93800ABE1AD /* ErrorHandler.swift */ = {isa = PBXFileReference; lastKnownFileType = sourcecode.swift; path = ErrorHandler.swift; sourceTree = "<group>"; };
		BEBA944E2B14E1DC00ABE1AD /* ErrorHandler.xcstrings */ = {isa = PBXFileReference; lastKnownFileType = text.json.xcstrings; path = ErrorHandler.xcstrings; sourceTree = "<group>"; };
		BEBA94502B14E4B900ABE1AD /* UIViewController+Extension.swift */ = {isa = PBXFileReference; lastKnownFileType = sourcecode.swift; path = "UIViewController+Extension.swift"; sourceTree = "<group>"; };
		BEF503B12B15262F00577D7F /* Profile.swift */ = {isa = PBXFileReference; fileEncoding = 4; lastKnownFileType = sourcecode.swift; path = Profile.swift; sourceTree = "<group>"; };
		BEF503B32B15287F00577D7F /* MockProfileService.swift */ = {isa = PBXFileReference; lastKnownFileType = sourcecode.swift; path = MockProfileService.swift; sourceTree = "<group>"; };
		BEF503B52B15288C00577D7F /* ProfileServiceProtocol.swift */ = {isa = PBXFileReference; lastKnownFileType = sourcecode.swift; path = ProfileServiceProtocol.swift; sourceTree = "<group>"; };
/* End PBXFileReference section */

/* Begin PBXFrameworksBuildPhase section */
		BE3524472B02ABA200746581 /* Frameworks */ = {
			isa = PBXFrameworksBuildPhase;
			buildActionMask = 2147483647;
			files = (
				BE3524832B02B92A00746581 /* SnapKit in Frameworks */,
			);
			runOnlyForDeploymentPostprocessing = 0;
		};
/* End PBXFrameworksBuildPhase section */

/* Begin PBXGroup section */
		BC05456D2B1D2626008D65A3 /* Views */ = {
			isa = PBXGroup;
			children = (
				BCCF4FD42B1B4AF10067A552 /* SearchViewController.swift */,
				BC05456E2B1D264C008D65A3 /* SearchCategoryCell.swift */,
				BC6045FA2B1D9CA700536EB3 /* SearchResultsViewController.swift */,
			);
			path = Views;
			sourceTree = "<group>";
		};
		BC0545702B1D272F008D65A3 /* Models */ = {
			isa = PBXGroup;
			children = (
				BC0545712B1D274D008D65A3 /* SearchCaterory.swift */,
			);
			path = Models;
			sourceTree = "<group>";
		};
		BC0545732B1D2AA1008D65A3 /* Models */ = {
			isa = PBXGroup;
			children = (
				BCCF4FD62B1B4AF10067A552 /* ScanViewModel.swift */,
			);
			path = Models;
			sourceTree = "<group>";
		};
		BC0723132B1A584800EF82B8 /* Fonts */ = {
			isa = PBXGroup;
			children = (
				BC0723142B1A588E00EF82B8 /* Manrope-Bold.ttf */,
				BC0723152B1A588E00EF82B8 /* Manrope-Regular.ttf */,
				BC0723162B1A588E00EF82B8 /* Manrope-SemiBold.ttf */,
				BE3524682B02B27A00746581 /* Fonts.swift */,
			);
			path = Fonts;
			sourceTree = "<group>";
		};
		BC60460F2B1E4B7900536EB3 /* ProfileScreen */ = {
			isa = PBXGroup;
			children = (
				BC6046102B1E4B7900536EB3 /* Model */,
				BC6046122B1E4B7900536EB3 /* Views */,
				BC60461A2B1E4B7900536EB3 /* ProfileViewModel.swift */,
			);
			path = ProfileScreen;
			sourceTree = "<group>";
		};
		BC6046102B1E4B7900536EB3 /* Model */ = {
			isa = PBXGroup;
			children = (
				BC6046112B1E4B7900536EB3 /* ProfileModel.swift */,
			);
			path = Model;
			sourceTree = "<group>";
		};
		BC6046122B1E4B7900536EB3 /* Views */ = {
			isa = PBXGroup;
			children = (
				BC6046132B1E4B7900536EB3 /* EditProfile */,
				BC6046162B1E4B7900536EB3 /* MainProfile */,
			);
			path = Views;
			sourceTree = "<group>";
		};
		BC6046132B1E4B7900536EB3 /* EditProfile */ = {
			isa = PBXGroup;
			children = (
				BC6046142B1E4B7900536EB3 /* EditProfileView.swift */,
				BC6046152B1E4B7900536EB3 /* EditProfileViewController.swift */,
			);
			path = EditProfile;
			sourceTree = "<group>";
		};
		BC6046162B1E4B7900536EB3 /* MainProfile */ = {
			isa = PBXGroup;
			children = (
				BC6046172B1E4B7900536EB3 /* ProfileView.swift */,
				BC6046182B1E4B7900536EB3 /* ProfileAssetButton.swift */,
				BC6046192B1E4B7900536EB3 /* ProfileViewController.swift */,
			);
			path = MainProfile;
			sourceTree = "<group>";
		};
		BCCF4FBF2B1B4AF10067A552 /* UI */ = {
			isa = PBXGroup;
			children = (
				BC60460F2B1E4B7900536EB3 /* ProfileScreen */,
				BCCF4FC82B1B4AF10067A552 /* MainScreen */,
				BCCF4FD32B1B4AF10067A552 /* SearchFlow */,
				BCCF4FD52B1B4AF10067A552 /* ScanFlow */,
				BCCF4FDB2B1B4AF10067A552 /* CategoryScreen */,
				BCCF4FE42B1B4AF10067A552 /* NavigationBar */,
				BCCF4FE92B1B4AF10067A552 /* FavoritesScreen */,
				BCCF4FEF2B1B4AF10067A552 /* ProductCardScreen */,
			);
			path = UI;
			sourceTree = "<group>";
		};
		BCCF4FC12B1B4AF10067A552 /* CustomCells */ = {
			isa = PBXGroup;
			children = (
				BCCF4FC22B1B4AF10067A552 /* ImageGalleryCell.swift */,
				BCCF4FC32B1B4AF10067A552 /* ProductTitleCell.swift */,
			);
			path = CustomCells;
			sourceTree = "<group>";
		};
		BCCF4FC52B1B4AF10067A552 /* ViewModel */ = {
			isa = PBXGroup;
			children = (
				BCCF4FC62B1B4AF10067A552 /* MainViewModel.swift */,
				BCCF4FC72B1B4AF10067A552 /* MainViewModelProtocol.swift */,
			);
			name = ViewModel;
			path = ../ViewModel;
			sourceTree = "<group>";
		};
		BCCF4FC82B1B4AF10067A552 /* MainScreen */ = {
			isa = PBXGroup;
			children = (
				BCCF4FC52B1B4AF10067A552 /* ViewModel */,
				BCCF4FC92B1B4AF10067A552 /* Models */,
				BCCF4FCD2B1B4AF10067A552 /* Views */,
			);
			path = MainScreen;
			sourceTree = "<group>";
		};
		BCCF4FC92B1B4AF10067A552 /* Models */ = {
			isa = PBXGroup;
			children = (
				BC6046022B1E3C7400536EB3 /* CategoryUIModel.swift */,
				BCCF4FCA2B1B4AF10067A552 /* StoreUIModel.swift */,
				BCCF4FCB2B1B4AF10067A552 /* MainScreenSections.swift */,
				BCCF4FCC2B1B4AF10067A552 /* PromotionUIModel.swift */,
			);
			path = Models;
			sourceTree = "<group>";
		};
		BCCF4FCD2B1B4AF10067A552 /* Views */ = {
			isa = PBXGroup;
			children = (
				BC6046082B1E3CAB00536EB3 /* HeaderView.swift */,
				BC6046062B1E3CA500536EB3 /* FooterView.swift */,
				BC6046042B1E3C9E00536EB3 /* CategoryCell.swift */,
				BCCF4FCE2B1B4AF10067A552 /* MainViewController.swift */,
				BCCF4FCF2B1B4AF10067A552 /* StoresCell.swift */,
				BCCF4FD02B1B4AF10067A552 /* PromotionCell.swift */,
			);
			path = Views;
			sourceTree = "<group>";
		};
		BCCF4FD32B1B4AF10067A552 /* SearchFlow */ = {
			isa = PBXGroup;
			children = (
				BC0545702B1D272F008D65A3 /* Models */,
				BC05456D2B1D2626008D65A3 /* Views */,
			);
			path = SearchFlow;
			sourceTree = "<group>";
		};
		BCCF4FD52B1B4AF10067A552 /* ScanFlow */ = {
			isa = PBXGroup;
			children = (
				BCCF4FD72B1B4AF10067A552 /* ScanCaptureSessionController.swift */,
				BC0545732B1D2AA1008D65A3 /* Models */,
				BCCF4FD82B1B4AF10067A552 /* Views */,
			);
			path = ScanFlow;
			sourceTree = "<group>";
		};
		BCCF4FD82B1B4AF10067A552 /* Views */ = {
			isa = PBXGroup;
			children = (
				BCCF4FD92B1B4AF10067A552 /* ScanFrameView.swift */,
				BCCF4FDA2B1B4AF10067A552 /* ScanViewController.swift */,
				BC0545692B1D0865008D65A3 /* CustomSegmantedControl.swift */,
			);
			path = Views;
			sourceTree = "<group>";
		};
		BCCF4FDB2B1B4AF10067A552 /* CategoryScreen */ = {
			isa = PBXGroup;
			children = (
				BCCF4FDC2B1B4AF10067A552 /* ViewModel */,
				BCCF4FDF2B1B4AF10067A552 /* Model */,
				BCCF4FE12B1B4AF10067A552 /* Views */,
			);
			path = CategoryScreen;
			sourceTree = "<group>";
		};
		BCCF4FDC2B1B4AF10067A552 /* ViewModel */ = {
			isa = PBXGroup;
			children = (
				BCCF4FDD2B1B4AF10067A552 /* CategoryViewModel.swift */,
				BCCF4FDE2B1B4AF10067A552 /* CategoryViewModelProtocol.swift */,
			);
			path = ViewModel;
			sourceTree = "<group>";
		};
		BCCF4FDF2B1B4AF10067A552 /* Model */ = {
			isa = PBXGroup;
			children = (
				BCCF4FE02B1B4AF10067A552 /* ProductCellUIModel.swift */,
			);
			path = Model;
			sourceTree = "<group>";
		};
		BCCF4FE12B1B4AF10067A552 /* Views */ = {
			isa = PBXGroup;
			children = (
				BCCF4FE22B1B4AF10067A552 /* ProductCell.swift */,
				BCCF4FE32B1B4AF10067A552 /* CategoryViewController.swift */,
			);
			path = Views;
			sourceTree = "<group>";
		};
		BCCF4FE42B1B4AF10067A552 /* NavigationBar */ = {
			isa = PBXGroup;
			children = (
				BCCF4FE52B1B4AF10067A552 /* ScannerEnabledViewController.swift */,
				BCCF4FE62B1B4AF10067A552 /* GenericNavigationController.swift */,
				BCCF4FE72B1B4AF10067A552 /* SearchEnabledViewController.swift */,
			);
			path = NavigationBar;
			sourceTree = "<group>";
		};
		BCCF4FE92B1B4AF10067A552 /* FavoritesScreen */ = {
			isa = PBXGroup;
			children = (
				BCCF4FEA2B1B4AF10067A552 /* ViewModel */,
				BCCF4FED2B1B4AF10067A552 /* Views */,
			);
			path = FavoritesScreen;
			sourceTree = "<group>";
		};
		BCCF4FEA2B1B4AF10067A552 /* ViewModel */ = {
			isa = PBXGroup;
			children = (
				BCCF4FEB2B1B4AF10067A552 /* FavoritesViewModel.swift */,
				BCCF4FEC2B1B4AF10067A552 /* FavoritesViewModelProtocol.swift */,
			);
			path = ViewModel;
			sourceTree = "<group>";
		};
		BCCF4FED2B1B4AF10067A552 /* Views */ = {
			isa = PBXGroup;
			children = (
				BCCF4FEE2B1B4AF10067A552 /* FavoritesViewController.swift */,
			);
			path = Views;
			sourceTree = "<group>";
		};
		BCCF4FEF2B1B4AF10067A552 /* ProductCardScreen */ = {
			isa = PBXGroup;
			children = (
				BCCF4FC12B1B4AF10067A552 /* CustomCells */,
				BCCF50242B1B4D390067A552 /* ProductCardViewController.swift */,
				BCCF4FF02B1B4AF10067A552 /* ViewModel */,
				BCCF4FF52B1B4AF10067A552 /* Views */,
			);
			path = ProductCardScreen;
			sourceTree = "<group>";
		};
		BCCF4FF02B1B4AF10067A552 /* ViewModel */ = {
			isa = PBXGroup;
			children = (
				BCCF4FF12B1B4AF10067A552 /* RatingViewViewModel .swift */,
				BCCF4FF22B1B4AF10067A552 /* ProductReviewViewModel.swift */,
				BCCF4FF32B1B4AF10067A552 /* PriceInfoViewModel.swift */,
			);
			path = ViewModel;
			sourceTree = "<group>";
		};
		BCCF4FF52B1B4AF10067A552 /* Views */ = {
			isa = PBXGroup;
			children = (
				BCCF4FF62B1B4AF10067A552 /* ProductReviewView.swift */,
				BCCF4FF72B1B4AF10067A552 /* PriceInfoView.swift */,
				BCCF4FF82B1B4AF10067A552 /* OfferCell.swift */,
				BCCF4FF92B1B4AF10067A552 /* RatingView.swift */,
				BCCF4FFA2B1B4AF10067A552 /* ProductTitleView.swift */,
				BCCF4FFB2B1B4AF10067A552 /* ImageGalleryView.swift */,
			);
			path = Views;
			sourceTree = "<group>";
		};
		BE3524412B02ABA200746581 = {
			isa = PBXGroup;
			children = (
				BE35244C2B02ABA200746581 /* DiscountsAndPromotionsApp */,
				BE35244B2B02ABA200746581 /* Products */,
			);
			sourceTree = "<group>";
		};
		BE35244B2B02ABA200746581 /* Products */ = {
			isa = PBXGroup;
			children = (
				BE35244A2B02ABA200746581 /* DiscountsAndPromotionsApp.app */,
			);
			name = Products;
			sourceTree = "<group>";
		};
		BE35244C2B02ABA200746581 /* DiscountsAndPromotionsApp */ = {
			isa = PBXGroup;
			children = (
				BE3524642B02ACD900746581 /* Application */,
				BE3524652B02B24100746581 /* DesignSystem */,
				BE35246D2B02B29F00746581 /* Navigation */,
				BCCF4FBF2B1B4AF10067A552 /* UI */,
				BE521A892B04DF1A005F2FE7 /* Data */,
				BEBA944B2B14D8FA00ABE1AD /* Services */,
				BE3524722B02B30800746581 /* Extensions */,
				BE3524632B02ACCB00746581 /* Resources */,
				BE3524612B02AC8600746581 /* Configuration */,
				BE3524622B02ACBF00746581 /* Storybords */,
			);
			path = DiscountsAndPromotionsApp;
			sourceTree = "<group>";
		};
		BE3524612B02AC8600746581 /* Configuration */ = {
			isa = PBXGroup;
			children = (
				BC93BB702B0BDA0A008BE2AD /* Info.plist */,
				BCB7F91D2B0C89B500EE20A0 /* ScanFlow.xcstrings */,
				BEAE80462B178E88004DAE32 /* FavoritesFlow.xcstrings */,
				BEBA944E2B14E1DC00ABE1AD /* ErrorHandler.xcstrings */,
				BE2774BB2B0FD0890000C8C2 /* MainFlow.xcstrings */,
			);
			path = Configuration;
			sourceTree = "<group>";
		};
		BE3524622B02ACBF00746581 /* Storybords */ = {
			isa = PBXGroup;
			children = (
				BE3524582B02ABA300746581 /* LaunchScreen.storyboard */,
			);
			path = Storybords;
			sourceTree = "<group>";
		};
		BE3524632B02ACCB00746581 /* Resources */ = {
			isa = PBXGroup;
			children = (
				BE3524562B02ABA300746581 /* Assets.xcassets */,
			);
			path = Resources;
			sourceTree = "<group>";
		};
		BE3524642B02ACD900746581 /* Application */ = {
			isa = PBXGroup;
			children = (
				BE35244D2B02ABA200746581 /* AppDelegate.swift */,
				BE35244F2B02ABA200746581 /* SceneDelegate.swift */,
			);
			path = Application;
			sourceTree = "<group>";
		};
		BE3524652B02B24100746581 /* DesignSystem */ = {
			isa = PBXGroup;
			children = (
				BC0723132B1A584800EF82B8 /* Fonts */,
				BC5009792B18B0A200385381 /* CornerRadius.swift */,
				BC93BB712B0C814F008BE2AD /* PrimaryButton.swift */,
				BC07231A2B1A6A5C00EF82B8 /* SecondaryButton.swift */,
				BC93BB732B0C8166008BE2AD /* ScannerNavButton.swift */,
				BC6046222B1E4BC600536EB3 /* TextField.swift */,
				BC0723112B1A4E5300EF82B8 /* Gradients.swift */,
			);
			path = DesignSystem;
			sourceTree = "<group>";
		};
		BE35246D2B02B29F00746581 /* Navigation */ = {
			isa = PBXGroup;
			children = (
				BC93BB682B0BC313008BE2AD /* ScanFlowCoordinator.swift */,
				BEBA916B2B0A9D0000C2DE96 /* Coordinator.swift */,
				BE3524752B02B62B00746581 /* MainCoordinator.swift */,
				BEBA91702B0AA7F800C2DE96 /* MainScreenCoordinator.swift */,
				BE8E70B12B0E558300BEAA5A /* FavoritesScreenCoordinator.swift */,
				BE8E70B32B0E74F600BEAA5A /* ProfileScreenCoordinator.swift */,
				BE521A812B04DEB3005F2FE7 /* MainTabBarController.swift */,
			);
			path = Navigation;
			sourceTree = "<group>";
		};
		BE3524722B02B30800746581 /* Extensions */ = {
			isa = PBXGroup;
			children = (
				BC60460D2B1E4B5900536EB3 /* UIColor+Extension.swift */,
				BCCF50282B1B4E4C0067A552 /* UITextView+Extension.swift */,
				BCCF50262B1B4E090067A552 /* UIButton+Extension.swift */,
				BE8E70AF2B0E250100BEAA5A /* Double+Extension.swift */,
				BC6046242B1E4C0100536EB3 /* Date+Extension.swift */,
				BC93BB6A2B0BCBF1008BE2AD /* StringBarcodeExtension.swift */,
				BCB7F91F2B0D150700EE20A0 /* UITextFieldExtensions.swift */,
				BCB7F9232B0D255600EE20A0 /* UIImage+Extensions.swift */,
				BEBA94502B14E4B900ABE1AD /* UIViewController+Extension.swift */,
				BC05456B2B1D0A33008D65A3 /* UISegmentedControl+Extensions.swift */,
			);
			path = Extensions;
			sourceTree = "<group>";
		};
		BE521A892B04DF1A005F2FE7 /* Data */ = {
			isa = PBXGroup;
			children = (
				BEBA916F2B0A9FA300C2DE96 /* Models */,
				BE521A8D2B04DF46005F2FE7 /* Services */,
			);
			path = Data;
			sourceTree = "<group>";
		};
		BE521A8D2B04DF46005F2FE7 /* Services */ = {
			isa = PBXGroup;
			children = (
				BEF503B72B1528A000577D7F /* Data */,
				BEF503B82B1528AC00577D7F /* Profile */,
			);
			path = Services;
			sourceTree = "<group>";
		};
		BEBA916F2B0A9FA300C2DE96 /* Models */ = {
			isa = PBXGroup;
			children = (
				BEBA916D2B0A9F9500C2DE96 /* ProductModels.swift */,
				BC6046002B1E3B7400536EB3 /* Promotion.swift */,
				BEF503B12B15262F00577D7F /* Profile.swift */,
			);
			path = Models;
			sourceTree = "<group>";
		};
		BEBA944B2B14D8FA00ABE1AD /* Services */ = {
			isa = PBXGroup;
			children = (
				BC6045FE2B1E3B3900536EB3 /* SectionBackgroundView.swift */,
				BC6045FC2B1E3B2E00536EB3 /* PromotionVisualsService.swift */,
				BE8E709C2B0D275300BEAA5A /* CollectionLayoutProvider.swift */,
				BEBA944C2B14D93800ABE1AD /* ErrorHandler.swift */,
			);
			path = Services;
			sourceTree = "<group>";
		};
		BEF503B72B1528A000577D7F /* Data */ = {
			isa = PBXGroup;
			children = (
				BEBA94472B137B7E00ABE1AD /* DataServiceProtocol.swift */,
				BE521A8E2B04DF5D005F2FE7 /* MockDataService.swift */,
			);
			path = Data;
			sourceTree = "<group>";
		};
		BEF503B82B1528AC00577D7F /* Profile */ = {
			isa = PBXGroup;
			children = (
				BEF503B52B15288C00577D7F /* ProfileServiceProtocol.swift */,
				BEF503B32B15287F00577D7F /* MockProfileService.swift */,
			);
			path = Profile;
			sourceTree = "<group>";
		};
/* End PBXGroup section */

/* Begin PBXNativeTarget section */
		BE3524492B02ABA200746581 /* DiscountsAndPromotionsApp */ = {
			isa = PBXNativeTarget;
			buildConfigurationList = BE35245E2B02ABA300746581 /* Build configuration list for PBXNativeTarget "DiscountsAndPromotionsApp" */;
			buildPhases = (
				BE521A802B04DD6E005F2FE7 /* Run Swiftlint */,
				BE3524462B02ABA200746581 /* Sources */,
				BE3524472B02ABA200746581 /* Frameworks */,
				BE3524482B02ABA200746581 /* Resources */,
				BC9B4D5D2B0B45310045B6E0 /* Embed Frameworks */,
			);
			buildRules = (
			);
			dependencies = (
			);
			name = DiscountsAndPromotionsApp;
			packageProductDependencies = (
				BE3524822B02B92A00746581 /* SnapKit */,
			);
			productName = DiscountsAndPromotionsApp;
			productReference = BE35244A2B02ABA200746581 /* DiscountsAndPromotionsApp.app */;
			productType = "com.apple.product-type.application";
		};
/* End PBXNativeTarget section */

/* Begin PBXProject section */
		BE3524422B02ABA200746581 /* Project object */ = {
			isa = PBXProject;
			attributes = {
				BuildIndependentTargetsInParallel = 1;
				LastSwiftUpdateCheck = 1500;
				LastUpgradeCheck = 1500;
				TargetAttributes = {
					BE3524492B02ABA200746581 = {
						CreatedOnToolsVersion = 15.0.1;
					};
				};
			};
			buildConfigurationList = BE3524452B02ABA200746581 /* Build configuration list for PBXProject "DiscountsAndPromotionsApp" */;
			compatibilityVersion = "Xcode 14.0";
			developmentRegion = en;
			hasScannedForEncodings = 0;
			knownRegions = (
				en,
				Base,
				ru,
			);
			mainGroup = BE3524412B02ABA200746581;
			packageReferences = (
				BE3524812B02B92A00746581 /* XCRemoteSwiftPackageReference "SnapKit" */,
			);
			productRefGroup = BE35244B2B02ABA200746581 /* Products */;
			projectDirPath = "";
			projectRoot = "";
			targets = (
				BE3524492B02ABA200746581 /* DiscountsAndPromotionsApp */,
			);
		};
/* End PBXProject section */

/* Begin PBXResourcesBuildPhase section */
		BE3524482B02ABA200746581 /* Resources */ = {
			isa = PBXResourcesBuildPhase;
			buildActionMask = 2147483647;
			files = (
				BC0723182B1A589800EF82B8 /* Manrope-Regular.ttf in Resources */,
				BEBA944F2B14E1DC00ABE1AD /* ErrorHandler.xcstrings in Resources */,
				BE35245A2B02ABA300746581 /* LaunchScreen.storyboard in Resources */,
				BCB7F91E2B0C89B500EE20A0 /* ScanFlow.xcstrings in Resources */,
				BC0723192B1A589A00EF82B8 /* Manrope-SemiBold.ttf in Resources */,
				BC0723172B1A589400EF82B8 /* Manrope-Bold.ttf in Resources */,
				BEAE80472B178E88004DAE32 /* FavoritesFlow.xcstrings in Resources */,
				BE2774BC2B0FD0890000C8C2 /* MainFlow.xcstrings in Resources */,
				BE3524572B02ABA300746581 /* Assets.xcassets in Resources */,
			);
			runOnlyForDeploymentPostprocessing = 0;
		};
/* End PBXResourcesBuildPhase section */

/* Begin PBXShellScriptBuildPhase section */
		BE521A802B04DD6E005F2FE7 /* Run Swiftlint */ = {
			isa = PBXShellScriptBuildPhase;
			alwaysOutOfDate = 1;
			buildActionMask = 2147483647;
			files = (
			);
			inputFileListPaths = (
			);
			inputPaths = (
			);
			name = "Run Swiftlint";
			outputFileListPaths = (
			);
			outputPaths = (
			);
			runOnlyForDeploymentPostprocessing = 0;
			shellPath = /bin/sh;
			shellScript = "export PATH=\"$PATH:/opt/homebrew/bin\"\nif which swiftlint > /dev/null; then\n  swiftlint --fix && swiftlint\nelse\n  echo \"warning: SwiftLint not installed, download from https://github.com/realm/SwiftLint\"\nfi\n";
		};
/* End PBXShellScriptBuildPhase section */

/* Begin PBXSourcesBuildPhase section */
		BE3524462B02ABA200746581 /* Sources */ = {
			isa = PBXSourcesBuildPhase;
			buildActionMask = 2147483647;
			files = (
				BEBA94482B137B7E00ABE1AD /* DataServiceProtocol.swift in Sources */,
				BC60460E2B1E4B5900536EB3 /* UIColor+Extension.swift in Sources */,
				BEBA91712B0AA7F800C2DE96 /* MainScreenCoordinator.swift in Sources */,
				BCCF500A2B1B4AF10067A552 /* ScanViewModel.swift in Sources */,
				BCCF50132B1B4AF10067A552 /* ScannerEnabledViewController.swift in Sources */,
				BCB7F9202B0D150700EE20A0 /* UITextFieldExtensions.swift in Sources */,
				BC93BB742B0C8166008BE2AD /* ScannerNavButton.swift in Sources */,
				BC6046202B1E4B7900536EB3 /* ProfileViewController.swift in Sources */,
				BCCF50042B1B4AF10067A552 /* MainViewController.swift in Sources */,
				BC0723122B1A4E5300EF82B8 /* Gradients.swift in Sources */,
				BC60461C2B1E4B7900536EB3 /* EditProfileView.swift in Sources */,
				BE521A822B04DEB3005F2FE7 /* MainTabBarController.swift in Sources */,
				BEBA944D2B14D93800ABE1AD /* ErrorHandler.swift in Sources */,
				BCCF4FFD2B1B4AF10067A552 /* ProductTitleCell.swift in Sources */,
				BE8E709D2B0D275300BEAA5A /* CollectionLayoutProvider.swift in Sources */,
				BC60461D2B1E4B7900536EB3 /* EditProfileViewController.swift in Sources */,
				BCCF50112B1B4AF10067A552 /* ProductCell.swift in Sources */,
				BEBA94512B14E4B900ABE1AD /* UIViewController+Extension.swift in Sources */,
				BC60461B2B1E4B7900536EB3 /* ProfileModel.swift in Sources */,
				BC6046092B1E3CAB00536EB3 /* HeaderView.swift in Sources */,
				BCCF500C2B1B4AF10067A552 /* ScanFrameView.swift in Sources */,
				BEBA916E2B0A9F9500C2DE96 /* ProductModels.swift in Sources */,
				BCCF501A2B1B4AF10067A552 /* RatingViewViewModel .swift in Sources */,
				BCCF50062B1B4AF10067A552 /* PromotionCell.swift in Sources */,
				BC6045FD2B1E3B2E00536EB3 /* PromotionVisualsService.swift in Sources */,
				BCCF50292B1B4E4C0067A552 /* UITextView+Extension.swift in Sources */,
				BC0545722B1D274D008D65A3 /* SearchCaterory.swift in Sources */,
				BCCF50172B1B4AF10067A552 /* FavoritesViewModel.swift in Sources */,
				BC6046212B1E4B7900536EB3 /* ProfileViewModel.swift in Sources */,
				BC93BB692B0BC313008BE2AD /* ScanFlowCoordinator.swift in Sources */,
				BCCF50092B1B4AF10067A552 /* SearchViewController.swift in Sources */,
				BCCF50002B1B4AF10067A552 /* MainViewModelProtocol.swift in Sources */,
				BCCF50142B1B4AF10067A552 /* GenericNavigationController.swift in Sources */,
				BCCF500B2B1B4AF10067A552 /* ScanCaptureSessionController.swift in Sources */,
				BE3524762B02B62B00746581 /* MainCoordinator.swift in Sources */,
				BCCF50272B1B4E090067A552 /* UIButton+Extension.swift in Sources */,
				BE521A8F2B04DF5D005F2FE7 /* MockDataService.swift in Sources */,
				BCCF500D2B1B4AF10067A552 /* ScanViewController.swift in Sources */,
				BCCF501B2B1B4AF10067A552 /* ProductReviewViewModel.swift in Sources */,
				BCCF50192B1B4AF10067A552 /* FavoritesViewController.swift in Sources */,
				BCCF50022B1B4AF10067A552 /* MainScreenSections.swift in Sources */,
				BCCF501E2B1B4AF10067A552 /* ProductReviewView.swift in Sources */,
				BC6046072B1E3CA500536EB3 /* FooterView.swift in Sources */,
				BCCF4FFC2B1B4AF10067A552 /* ImageGalleryCell.swift in Sources */,
				BCCF501C2B1B4AF10067A552 /* PriceInfoViewModel.swift in Sources */,
				BC6046252B1E4C0100536EB3 /* Date+Extension.swift in Sources */,
				BEBA916C2B0A9D0000C2DE96 /* Coordinator.swift in Sources */,
				BE8E70B22B0E558300BEAA5A /* FavoritesScreenCoordinator.swift in Sources */,
				BC60461E2B1E4B7900536EB3 /* ProfileView.swift in Sources */,
				BCCF500E2B1B4AF10067A552 /* CategoryViewModel.swift in Sources */,
				BC50097A2B18B0A200385381 /* CornerRadius.swift in Sources */,
				BC60461F2B1E4B7900536EB3 /* ProfileAssetButton.swift in Sources */,
				BC6046232B1E4BC600536EB3 /* TextField.swift in Sources */,
				BE8E70B42B0E74F600BEAA5A /* ProfileScreenCoordinator.swift in Sources */,
				BCCF50212B1B4AF10067A552 /* RatingView.swift in Sources */,
				BC93BB722B0C814F008BE2AD /* PrimaryButton.swift in Sources */,
				BCCF50102B1B4AF10067A552 /* ProductCellUIModel.swift in Sources */,
				BCCF501F2B1B4AF10067A552 /* PriceInfoView.swift in Sources */,
				BEF503B42B15287F00577D7F /* MockProfileService.swift in Sources */,
				BCCF50122B1B4AF10067A552 /* CategoryViewController.swift in Sources */,
				BC6045FB2B1D9CA700536EB3 /* SearchResultsViewController.swift in Sources */,
				BEF503B62B15288C00577D7F /* ProfileServiceProtocol.swift in Sources */,
				BE3524692B02B27A00746581 /* Fonts.swift in Sources */,
				BCCF50182B1B4AF10067A552 /* FavoritesViewModelProtocol.swift in Sources */,
				BC6046032B1E3C7400536EB3 /* CategoryUIModel.swift in Sources */,
				BC6045FF2B1E3B3900536EB3 /* SectionBackgroundView.swift in Sources */,
				BCCF500F2B1B4AF10067A552 /* CategoryViewModelProtocol.swift in Sources */,
				BEF503B22B15262F00577D7F /* Profile.swift in Sources */,
				BC05456A2B1D0866008D65A3 /* CustomSegmantedControl.swift in Sources */,
				BE8E70B02B0E250100BEAA5A /* Double+Extension.swift in Sources */,
				BE35244E2B02ABA200746581 /* AppDelegate.swift in Sources */,
				BCCF50152B1B4AF10067A552 /* SearchEnabledViewController.swift in Sources */,
				BCCF50202B1B4AF10067A552 /* OfferCell.swift in Sources */,
				BCCF50052B1B4AF10067A552 /* StoresCell.swift in Sources */,
				BCCF50222B1B4AF10067A552 /* ProductTitleView.swift in Sources */,
				BC6046052B1E3C9E00536EB3 /* CategoryCell.swift in Sources */,
				BCB7F9242B0D255600EE20A0 /* UIImage+Extensions.swift in Sources */,
				BC93BB6B2B0BCBF1008BE2AD /* StringBarcodeExtension.swift in Sources */,
				BCCF50252B1B4D390067A552 /* ProductCardViewController.swift in Sources */,
				BC05456F2B1D264C008D65A3 /* SearchCategoryCell.swift in Sources */,
				BC07231B2B1A6A5C00EF82B8 /* SecondaryButton.swift in Sources */,
				BCCF50232B1B4AF10067A552 /* ImageGalleryView.swift in Sources */,
				BCCF50012B1B4AF10067A552 /* StoreUIModel.swift in Sources */,
				BE3524502B02ABA200746581 /* SceneDelegate.swift in Sources */,
				BC05456C2B1D0A33008D65A3 /* UISegmentedControl+Extensions.swift in Sources */,
				BC6046012B1E3B7400536EB3 /* Promotion.swift in Sources */,
				BCCF4FFF2B1B4AF10067A552 /* MainViewModel.swift in Sources */,
				BCCF50032B1B4AF10067A552 /* PromotionUIModel.swift in Sources */,
			);
			runOnlyForDeploymentPostprocessing = 0;
		};
/* End PBXSourcesBuildPhase section */

/* Begin PBXVariantGroup section */
		BE3524582B02ABA300746581 /* LaunchScreen.storyboard */ = {
			isa = PBXVariantGroup;
			children = (
				BE3524592B02ABA300746581 /* Base */,
			);
			name = LaunchScreen.storyboard;
			sourceTree = "<group>";
		};
/* End PBXVariantGroup section */

/* Begin XCBuildConfiguration section */
		BE35245C2B02ABA300746581 /* Debug */ = {
			isa = XCBuildConfiguration;
			buildSettings = {
				ALWAYS_SEARCH_USER_PATHS = NO;
				ASSETCATALOG_COMPILER_GENERATE_SWIFT_ASSET_SYMBOL_EXTENSIONS = YES;
				CLANG_ANALYZER_LOCALIZABILITY_NONLOCALIZED = YES;
				CLANG_ANALYZER_NONNULL = YES;
				CLANG_ANALYZER_NUMBER_OBJECT_CONVERSION = YES_AGGRESSIVE;
				CLANG_CXX_LANGUAGE_STANDARD = "gnu++20";
				CLANG_ENABLE_MODULES = YES;
				CLANG_ENABLE_OBJC_ARC = YES;
				CLANG_ENABLE_OBJC_WEAK = YES;
				CLANG_WARN_BLOCK_CAPTURE_AUTORELEASING = YES;
				CLANG_WARN_BOOL_CONVERSION = YES;
				CLANG_WARN_COMMA = YES;
				CLANG_WARN_CONSTANT_CONVERSION = YES;
				CLANG_WARN_DEPRECATED_OBJC_IMPLEMENTATIONS = YES;
				CLANG_WARN_DIRECT_OBJC_ISA_USAGE = YES_ERROR;
				CLANG_WARN_DOCUMENTATION_COMMENTS = YES;
				CLANG_WARN_EMPTY_BODY = YES;
				CLANG_WARN_ENUM_CONVERSION = YES;
				CLANG_WARN_INFINITE_RECURSION = YES;
				CLANG_WARN_INT_CONVERSION = YES;
				CLANG_WARN_NON_LITERAL_NULL_CONVERSION = YES;
				CLANG_WARN_OBJC_IMPLICIT_RETAIN_SELF = YES;
				CLANG_WARN_OBJC_LITERAL_CONVERSION = YES;
				CLANG_WARN_OBJC_ROOT_CLASS = YES_ERROR;
				CLANG_WARN_QUOTED_INCLUDE_IN_FRAMEWORK_HEADER = YES;
				CLANG_WARN_RANGE_LOOP_ANALYSIS = YES;
				CLANG_WARN_STRICT_PROTOTYPES = YES;
				CLANG_WARN_SUSPICIOUS_MOVE = YES;
				CLANG_WARN_UNGUARDED_AVAILABILITY = YES_AGGRESSIVE;
				CLANG_WARN_UNREACHABLE_CODE = YES;
				CLANG_WARN__DUPLICATE_METHOD_MATCH = YES;
				COPY_PHASE_STRIP = NO;
				DEBUG_INFORMATION_FORMAT = dwarf;
				ENABLE_STRICT_OBJC_MSGSEND = YES;
				ENABLE_TESTABILITY = YES;
				ENABLE_USER_SCRIPT_SANDBOXING = NO;
				GCC_C_LANGUAGE_STANDARD = gnu17;
				GCC_DYNAMIC_NO_PIC = NO;
				GCC_NO_COMMON_BLOCKS = YES;
				GCC_OPTIMIZATION_LEVEL = 0;
				GCC_PREPROCESSOR_DEFINITIONS = (
					"DEBUG=1",
					"$(inherited)",
				);
				GCC_WARN_64_TO_32_BIT_CONVERSION = YES;
				GCC_WARN_ABOUT_RETURN_TYPE = YES_ERROR;
				GCC_WARN_UNDECLARED_SELECTOR = YES;
				GCC_WARN_UNINITIALIZED_AUTOS = YES_AGGRESSIVE;
				GCC_WARN_UNUSED_FUNCTION = YES;
				GCC_WARN_UNUSED_VARIABLE = YES;
				IPHONEOS_DEPLOYMENT_TARGET = 15.0;
				LOCALIZATION_PREFERS_STRING_CATALOGS = YES;
				MTL_ENABLE_DEBUG_INFO = INCLUDE_SOURCE;
				MTL_FAST_MATH = YES;
				ONLY_ACTIVE_ARCH = YES;
				SDKROOT = iphoneos;
				SWIFT_ACTIVE_COMPILATION_CONDITIONS = "DEBUG $(inherited)";
				SWIFT_EMIT_LOC_STRINGS = YES;
				SWIFT_OPTIMIZATION_LEVEL = "-Onone";
			};
			name = Debug;
		};
		BE35245D2B02ABA300746581 /* Release */ = {
			isa = XCBuildConfiguration;
			buildSettings = {
				ALWAYS_SEARCH_USER_PATHS = NO;
				ASSETCATALOG_COMPILER_GENERATE_SWIFT_ASSET_SYMBOL_EXTENSIONS = YES;
				CLANG_ANALYZER_LOCALIZABILITY_NONLOCALIZED = YES;
				CLANG_ANALYZER_NONNULL = YES;
				CLANG_ANALYZER_NUMBER_OBJECT_CONVERSION = YES_AGGRESSIVE;
				CLANG_CXX_LANGUAGE_STANDARD = "gnu++20";
				CLANG_ENABLE_MODULES = YES;
				CLANG_ENABLE_OBJC_ARC = YES;
				CLANG_ENABLE_OBJC_WEAK = YES;
				CLANG_WARN_BLOCK_CAPTURE_AUTORELEASING = YES;
				CLANG_WARN_BOOL_CONVERSION = YES;
				CLANG_WARN_COMMA = YES;
				CLANG_WARN_CONSTANT_CONVERSION = YES;
				CLANG_WARN_DEPRECATED_OBJC_IMPLEMENTATIONS = YES;
				CLANG_WARN_DIRECT_OBJC_ISA_USAGE = YES_ERROR;
				CLANG_WARN_DOCUMENTATION_COMMENTS = YES;
				CLANG_WARN_EMPTY_BODY = YES;
				CLANG_WARN_ENUM_CONVERSION = YES;
				CLANG_WARN_INFINITE_RECURSION = YES;
				CLANG_WARN_INT_CONVERSION = YES;
				CLANG_WARN_NON_LITERAL_NULL_CONVERSION = YES;
				CLANG_WARN_OBJC_IMPLICIT_RETAIN_SELF = YES;
				CLANG_WARN_OBJC_LITERAL_CONVERSION = YES;
				CLANG_WARN_OBJC_ROOT_CLASS = YES_ERROR;
				CLANG_WARN_QUOTED_INCLUDE_IN_FRAMEWORK_HEADER = YES;
				CLANG_WARN_RANGE_LOOP_ANALYSIS = YES;
				CLANG_WARN_STRICT_PROTOTYPES = YES;
				CLANG_WARN_SUSPICIOUS_MOVE = YES;
				CLANG_WARN_UNGUARDED_AVAILABILITY = YES_AGGRESSIVE;
				CLANG_WARN_UNREACHABLE_CODE = YES;
				CLANG_WARN__DUPLICATE_METHOD_MATCH = YES;
				COPY_PHASE_STRIP = NO;
				DEBUG_INFORMATION_FORMAT = "dwarf-with-dsym";
				ENABLE_NS_ASSERTIONS = NO;
				ENABLE_STRICT_OBJC_MSGSEND = YES;
				ENABLE_USER_SCRIPT_SANDBOXING = NO;
				GCC_C_LANGUAGE_STANDARD = gnu17;
				GCC_NO_COMMON_BLOCKS = YES;
				GCC_WARN_64_TO_32_BIT_CONVERSION = YES;
				GCC_WARN_ABOUT_RETURN_TYPE = YES_ERROR;
				GCC_WARN_UNDECLARED_SELECTOR = YES;
				GCC_WARN_UNINITIALIZED_AUTOS = YES_AGGRESSIVE;
				GCC_WARN_UNUSED_FUNCTION = YES;
				GCC_WARN_UNUSED_VARIABLE = YES;
				IPHONEOS_DEPLOYMENT_TARGET = 15.0;
				LOCALIZATION_PREFERS_STRING_CATALOGS = YES;
				MTL_ENABLE_DEBUG_INFO = NO;
				MTL_FAST_MATH = YES;
				SDKROOT = iphoneos;
				SWIFT_COMPILATION_MODE = wholemodule;
				SWIFT_EMIT_LOC_STRINGS = YES;
				VALIDATE_PRODUCT = YES;
			};
			name = Release;
		};
		BE35245F2B02ABA300746581 /* Debug */ = {
			isa = XCBuildConfiguration;
			buildSettings = {
				ASSETCATALOG_COMPILER_APPICON_NAME = AppIcon;
				ASSETCATALOG_COMPILER_GLOBAL_ACCENT_COLOR_NAME = AccentColor;
				CODE_SIGN_STYLE = Automatic;
				CURRENT_PROJECT_VERSION = 1;
				DEVELOPMENT_TEAM = 6P6HF74P83;
				GENERATE_INFOPLIST_FILE = YES;
				INFOPLIST_FILE = DiscountsAndPromotionsApp/Configuration/Info.plist;
				INFOPLIST_KEY_UIApplicationSupportsIndirectInputEvents = YES;
				INFOPLIST_KEY_UILaunchStoryboardName = LaunchScreen;
				INFOPLIST_KEY_UISupportedInterfaceOrientations = UIInterfaceOrientationPortrait;
				INFOPLIST_KEY_UISupportedInterfaceOrientations_iPad = "UIInterfaceOrientationLandscapeLeft UIInterfaceOrientationLandscapeRight UIInterfaceOrientationPortrait UIInterfaceOrientationPortraitUpsideDown";
				LD_RUNPATH_SEARCH_PATHS = (
					"$(inherited)",
					"@executable_path/Frameworks",
				);
				MARKETING_VERSION = 1.0;
				PRODUCT_BUNDLE_IDENTIFIER = ay.cherry;
				PRODUCT_NAME = "$(TARGET_NAME)";
				SUPPORTED_PLATFORMS = "iphoneos iphonesimulator";
				SUPPORTS_MACCATALYST = NO;
				SUPPORTS_MAC_DESIGNED_FOR_IPHONE_IPAD = NO;
				SWIFT_EMIT_LOC_STRINGS = YES;
				SWIFT_VERSION = 5.0;
				TARGETED_DEVICE_FAMILY = 1;
			};
			name = Debug;
		};
		BE3524602B02ABA300746581 /* Release */ = {
			isa = XCBuildConfiguration;
			buildSettings = {
				ASSETCATALOG_COMPILER_APPICON_NAME = AppIcon;
				ASSETCATALOG_COMPILER_GLOBAL_ACCENT_COLOR_NAME = AccentColor;
				CODE_SIGN_STYLE = Automatic;
				CURRENT_PROJECT_VERSION = 1;
				DEVELOPMENT_TEAM = 7XT93683G9;
				GENERATE_INFOPLIST_FILE = YES;
				INFOPLIST_FILE = DiscountsAndPromotionsApp/Configuration/Info.plist;
				INFOPLIST_KEY_UIApplicationSupportsIndirectInputEvents = YES;
				INFOPLIST_KEY_UILaunchStoryboardName = LaunchScreen;
				INFOPLIST_KEY_UISupportedInterfaceOrientations = UIInterfaceOrientationPortrait;
				INFOPLIST_KEY_UISupportedInterfaceOrientations_iPad = "UIInterfaceOrientationLandscapeLeft UIInterfaceOrientationLandscapeRight UIInterfaceOrientationPortrait UIInterfaceOrientationPortraitUpsideDown";
				LD_RUNPATH_SEARCH_PATHS = (
					"$(inherited)",
					"@executable_path/Frameworks",
				);
				MARKETING_VERSION = 1.0;
				PRODUCT_BUNDLE_IDENTIFIER = ay.cherry;
				PRODUCT_NAME = "$(TARGET_NAME)";
				SUPPORTED_PLATFORMS = "iphoneos iphonesimulator";
				SUPPORTS_MACCATALYST = NO;
				SUPPORTS_MAC_DESIGNED_FOR_IPHONE_IPAD = NO;
				SWIFT_EMIT_LOC_STRINGS = YES;
				SWIFT_VERSION = 5.0;
				TARGETED_DEVICE_FAMILY = 1;
			};
			name = Release;
		};
/* End XCBuildConfiguration section */

/* Begin XCConfigurationList section */
		BE3524452B02ABA200746581 /* Build configuration list for PBXProject "DiscountsAndPromotionsApp" */ = {
			isa = XCConfigurationList;
			buildConfigurations = (
				BE35245C2B02ABA300746581 /* Debug */,
				BE35245D2B02ABA300746581 /* Release */,
			);
			defaultConfigurationIsVisible = 0;
			defaultConfigurationName = Release;
		};
		BE35245E2B02ABA300746581 /* Build configuration list for PBXNativeTarget "DiscountsAndPromotionsApp" */ = {
			isa = XCConfigurationList;
			buildConfigurations = (
				BE35245F2B02ABA300746581 /* Debug */,
				BE3524602B02ABA300746581 /* Release */,
			);
			defaultConfigurationIsVisible = 0;
			defaultConfigurationName = Release;
		};
/* End XCConfigurationList section */

/* Begin XCRemoteSwiftPackageReference section */
		BE3524812B02B92A00746581 /* XCRemoteSwiftPackageReference "SnapKit" */ = {
			isa = XCRemoteSwiftPackageReference;
			repositoryURL = "https://github.com/SnapKit/SnapKit";
			requirement = {
				kind = upToNextMajorVersion;
				minimumVersion = 5.6.0;
			};
		};
/* End XCRemoteSwiftPackageReference section */

/* Begin XCSwiftPackageProductDependency section */
		BE3524822B02B92A00746581 /* SnapKit */ = {
			isa = XCSwiftPackageProductDependency;
			package = BE3524812B02B92A00746581 /* XCRemoteSwiftPackageReference "SnapKit" */;
			productName = SnapKit;
		};
/* End XCSwiftPackageProductDependency section */
	};
	rootObject = BE3524422B02ABA200746581 /* Project object */;
}
